{
  "format_version": "1.1",
  "terraform_version": "1.3.7",
  "planned_values": {
    "root_module": {
      "resources": [{
        "address": "aws_alb.qux",
        "mode": "managed",
        "type": "aws_alb",
        "name": "qux",
        "provider_name": "registry.terraform.io/hashicorp/aws",
        "schema_version": 0,
        "values": {
          "access_logs": [],
          "customer_owned_ipv4_pool": null,
          "desync_mitigation_mode": "defensive",
          "drop_invalid_header_fields": false,
          "enable_cross_zone_load_balancing": null,
          "enable_deletion_protection": false,
          "enable_http2": true,
          "enable_waf_fail_open": false,
          "idle_timeout": 60,
          "internal": true,
          "load_balancer_type": "application",
          "name_prefix": null,
          "preserve_host_header": false,
          "tags": null,
          "timeouts": null
        },
        "sensitive_values": {
          "access_logs": [],
          "security_groups": [],
          "subnet_mapping": [],
          "subnets": [],
          "tags_all": {}}}, {
        "address": "aws_subnet.bar",
        "mode": "managed",
        "type": "aws_subnet",
        "name": "bar",
        "provider_name": "registry.terraform.io/hashicorp/aws",
        "schema_version": 1,
        "values": {
          "assign_ipv6_address_on_creation": false,
          "availability_zone": "eu-west-2b",
          "cidr_block": "10.1.2.0/24",
          "customer_owned_ipv4_pool": null,
          "enable_dns64": false,
          "enable_resource_name_dns_a_record_on_launch": false,
          "enable_resource_name_dns_aaaa_record_on_launch": false,
          "ipv6_cidr_block": null,
          "ipv6_native": false,
          "map_customer_owned_ip_on_launch": null,
          "map_public_ip_on_launch": false,
          "outpost_arn": null,
          "tags": null,
          "timeouts": null
        },
        "sensitive_values": {
          "tags_all": {}}}, {
        "address": "aws_subnet.baz",
        "mode": "managed",
        "type": "aws_subnet",
        "name": "baz",
        "provider_name": "registry.terraform.io/hashicorp/aws",
        "schema_version": 1,
        "values": {
          "assign_ipv6_address_on_creation": false,
          "availability_zone": "eu-west-2b",
          "cidr_block": "10.1.1.0/24",
          "customer_owned_ipv4_pool": null,
          "enable_dns64": false,
          "enable_resource_name_dns_a_record_on_launch": false,
          "enable_resource_name_dns_aaaa_record_on_launch": false,
          "ipv6_cidr_block": null,
          "ipv6_native": false,
          "map_customer_owned_ip_on_launch": null,
          "map_public_ip_on_launch": false,
          "outpost_arn": null,
          "tags": null,
          "timeouts": null
        },
        "sensitive_values": {
          "tags_all": {}}}, {
        "address": "aws_vpc.foo",
        "mode": "managed",
        "type": "aws_vpc",
        "name": "foo",
        "provider_name": "registry.terraform.io/hashicorp/aws",
        "schema_version": 1,
        "values": {
          "assign_generated_ipv6_cidr_block": null,
          "cidr_block": "10.1.0.0/16",
          "enable_dns_support": true,
          "instance_tenancy": "default",
          "ipv4_ipam_pool_id": null,
          "ipv4_netmask_length": null,
          "ipv6_ipam_pool_id": null,
          "ipv6_netmask_length": null,
          "tags": null
        },
        "sensitive_values": {
          "tags_all": {}}}, {
        "address": "aws_wafregional_ipset.ipset",
        "mode": "managed",
        "type": "aws_wafregional_ipset",
        "name": "ipset",
        "provider_name": "registry.terraform.io/hashicorp/aws",
        "schema_version": 0,
        "values": {
          "ip_set_descriptor": [{
            "type": "IPV4",
            "value": "192.0.7.0/24"
          }],
          "name": "tfIPSet"
        },
        "sensitive_values": {
          "ip_set_descriptor": [{}]}}, {
        "address": "aws_wafregional_rule.foo",
        "mode": "managed",
        "type": "aws_wafregional_rule",
        "name": "foo",
        "provider_name": "registry.terraform.io/hashicorp/aws",
        "schema_version": 0,
        "values": {
          "metric_name": "tfWAFRule",
          "name": "tfWAFRule",
          "predicate": [{
            "negated": false,
            "type": "IPMatch"
          }],
          "tags": null
        },
        "sensitive_values": {
          "predicate": [{}],
          "tags_all": {}}}, {
        "address": "aws_wafregional_web_acl.foo",
        "mode": "managed",
        "type": "aws_wafregional_web_acl",
        "name": "foo",
        "provider_name": "registry.terraform.io/hashicorp/aws",
        "schema_version": 0,
        "values": {
          "default_action": [{
            "type": "ALLOW"
          }],
          "logging_configuration": [],
          "metric_name": "foo",
          "name": "foo",
          "rule": [{
            "action": [{
              "type": "BLOCK"
            }],
            "override_action": [],
            "priority": 1,
            "type": "REGULAR"
          }],
          "tags": null
        },
        "sensitive_values": {
          "default_action": [{}],
          "logging_configuration": [],
          "rule": [{
            "action": [{}],
            "override_action": []
          }],
          "tags_all": {}}}]}},
  "resource_changes": [{
    "address": "aws_alb.qux",
    "mode": "managed",
    "type": "aws_alb",
    "name": "qux",
    "provider_name": "registry.terraform.io/hashicorp/aws",
    "change": {
      "actions": ["create"],
      "before": null,
      "after": {
        "access_logs": [],
        "customer_owned_ipv4_pool": null,
        "desync_mitigation_mode": "defensive",
        "drop_invalid_header_fields": false,
        "enable_cross_zone_load_balancing": null,
        "enable_deletion_protection": false,
        "enable_http2": true,
        "enable_waf_fail_open": false,
        "idle_timeout": 60,
        "internal": true,
        "load_balancer_type": "application",
        "name_prefix": null,
        "preserve_host_header": false,
        "tags": null,
        "timeouts": null
      },
      "after_unknown": {
        "access_logs": [],
        "arn": true,
        "arn_suffix": true,
        "dns_name": true,
        "id": true,
        "ip_address_type": true,
        "name": true,
        "security_groups": true,
        "subnet_mapping": true,
        "subnets": true,
        "tags_all": true,
        "vpc_id": true,
        "zone_id": true
      },
      "before_sensitive": false,
      "after_sensitive": {
        "access_logs": [],
        "security_groups": [],
        "subnet_mapping": [],
        "subnets": [],
        "tags_all": {}}}}, {
    "address": "aws_subnet.bar",
    "mode": "managed",
    "type": "aws_subnet",
    "name": "bar",
    "provider_name": "registry.terraform.io/hashicorp/aws",
    "change": {
      "actions": ["create"],
      "before": null,
      "after": {
        "assign_ipv6_address_on_creation": false,
        "availability_zone": "eu-west-2b",
        "cidr_block": "10.1.2.0/24",
        "customer_owned_ipv4_pool": null,
        "enable_dns64": false,
        "enable_resource_name_dns_a_record_on_launch": false,
        "enable_resource_name_dns_aaaa_record_on_launch": false,
        "ipv6_cidr_block": null,
        "ipv6_native": false,
        "map_customer_owned_ip_on_launch": null,
        "map_public_ip_on_launch": false,
        "outpost_arn": null,
        "tags": null,
        "timeouts": null
      },
      "after_unknown": {
        "arn": true,
        "availability_zone_id": true,
        "id": true,
        "ipv6_cidr_block_association_id": true,
        "owner_id": true,
        "private_dns_hostname_type_on_launch": true,
        "tags_all": true,
        "vpc_id": true
      },
      "before_sensitive": false,
      "after_sensitive": {
        "tags_all": {}}}}, {
    "address": "aws_subnet.baz",
    "mode": "managed",
    "type": "aws_subnet",
    "name": "baz",
    "provider_name": "registry.terraform.io/hashicorp/aws",
    "change": {
      "actions": ["create"],
      "before": null,
      "after": {
        "assign_ipv6_address_on_creation": false,
        "availability_zone": "eu-west-2b",
        "cidr_block": "10.1.1.0/24",
        "customer_owned_ipv4_pool": null,
        "enable_dns64": false,
        "enable_resource_name_dns_a_record_on_launch": false,
        "enable_resource_name_dns_aaaa_record_on_launch": false,
        "ipv6_cidr_block": null,
        "ipv6_native": false,
        "map_customer_owned_ip_on_launch": null,
        "map_public_ip_on_launch": false,
        "outpost_arn": null,
        "tags": null,
        "timeouts": null
      },
      "after_unknown": {
        "arn": true,
        "availability_zone_id": true,
        "id": true,
        "ipv6_cidr_block_association_id": true,
        "owner_id": true,
        "private_dns_hostname_type_on_launch": true,
        "tags_all": true,
        "vpc_id": true
      },
      "before_sensitive": false,
      "after_sensitive": {
        "tags_all": {}}}}, {
    "address": "aws_vpc.foo",
    "mode": "managed",
    "type": "aws_vpc",
    "name": "foo",
    "provider_name": "registry.terraform.io/hashicorp/aws",
    "change": {
      "actions": ["create"],
      "before": null,
      "after": {
        "assign_generated_ipv6_cidr_block": null,
        "cidr_block": "10.1.0.0/16",
        "enable_dns_support": true,
        "instance_tenancy": "default",
        "ipv4_ipam_pool_id": null,
        "ipv4_netmask_length": null,
        "ipv6_ipam_pool_id": null,
        "ipv6_netmask_length": null,
        "tags": null
      },
      "after_unknown": {
        "arn": true,
        "default_network_acl_id": true,
        "default_route_table_id": true,
        "default_security_group_id": true,
        "dhcp_options_id": true,
        "enable_classiclink": true,
        "enable_classiclink_dns_support": true,
        "enable_dns_hostnames": true,
        "enable_network_address_usage_metrics": true,
        "id": true,
        "ipv6_association_id": true,
        "ipv6_cidr_block": true,
        "ipv6_cidr_block_network_border_group": true,
        "main_route_table_id": true,
        "owner_id": true,
        "tags_all": true
      },
      "before_sensitive": false,
      "after_sensitive": {
        "tags_all": {}}}}, {
    "address": "aws_wafregional_ipset.ipset",
    "mode": "managed",
    "type": "aws_wafregional_ipset",
    "name": "ipset",
    "provider_name": "registry.terraform.io/hashicorp/aws",
    "change": {
      "actions": ["create"],
      "before": null,
      "after": {
        "ip_set_descriptor": [{
          "type": "IPV4",
          "value": "192.0.7.0/24"
        }],
        "name": "tfIPSet"
      },
      "after_unknown": {
        "arn": true,
        "id": true,
        "ip_set_descriptor": [{}]},
      "before_sensitive": false,
      "after_sensitive": {
        "ip_set_descriptor": [{}]}}}, {
    "address": "aws_wafregional_rule.foo",
    "mode": "managed",
    "type": "aws_wafregional_rule",
    "name": "foo",
    "provider_name": "registry.terraform.io/hashicorp/aws",
    "change": {
      "actions": ["create"],
      "before": null,
      "after": {
        "metric_name": "tfWAFRule",
        "name": "tfWAFRule",
        "predicate": [{
          "negated": false,
          "type": "IPMatch"
        }],
        "tags": null
      },
      "after_unknown": {
        "arn": true,
        "id": true,
        "predicate": [{
          "data_id": true
        }],
        "tags_all": true
      },
      "before_sensitive": false,
      "after_sensitive": {
        "predicate": [{}],
        "tags_all": {}}}}, {
    "address": "aws_wafregional_web_acl.foo",
    "mode": "managed",
    "type": "aws_wafregional_web_acl",
    "name": "foo",
    "provider_name": "registry.terraform.io/hashicorp/aws",
    "change": {
      "actions": ["create"],
      "before": null,
      "after": {
        "default_action": [{
          "type": "ALLOW"
        }],
        "logging_configuration": [],
        "metric_name": "foo",
        "name": "foo",
        "rule": [{
          "action": [{
            "type": "BLOCK"
          }],
          "override_action": [],
          "priority": 1,
          "type": "REGULAR"
        }],
        "tags": null
      },
      "after_unknown": {
        "arn": true,
        "default_action": [{}],
        "id": true,
        "logging_configuration": [],
        "rule": [{
          "action": [{}],
          "override_action": [],
          "rule_id": true
        }],
        "tags_all": true
      },
      "before_sensitive": false,
      "after_sensitive": {
        "default_action": [{}],
        "logging_configuration": [],
        "rule": [{
          "action": [{}],
          "override_action": []
        }],
        "tags_all": {}}}}],
  "configuration": {
    "provider_config": {
      "aws": {
        "name": "aws",
        "full_name": "registry.terraform.io/hashicorp/aws"
      }
    },
    "root_module": {
      "resources": [{
        "address": "aws_alb.qux",
        "mode": "managed",
        "type": "aws_alb",
        "name": "qux",
        "provider_config_key": "aws",
        "expressions": {
          "internal": {
            "constant_value": true
          },
          "subnets": {
            "references": ["aws_subnet.baz.id", "aws_subnet.baz", "aws_subnet.bar.id", "aws_subnet.bar"]
          }
        },
        "schema_version": 0
      }, {
        "address": "aws_subnet.bar",
        "mode": "managed",
        "type": "aws_subnet",
        "name": "bar",
        "provider_config_key": "aws",
        "expressions": {
          "availability_zone": {
            "constant_value": "eu-west-2b"
          },
          "cidr_block": {
            "constant_value": "10.1.2.0/24"
          },
          "vpc_id": {
            "references": ["aws_vpc.foo.id", "aws_vpc.foo"]
          }
        },
        "schema_version": 1
      }, {
        "address": "aws_subnet.baz",
        "mode": "managed",
        "type": "aws_subnet",
        "name": "baz",
        "provider_config_key": "aws",
        "expressions": {
          "availability_zone": {
            "constant_value": "eu-west-2b"
          },
          "cidr_block": {
            "constant_value": "10.1.1.0/24"
          },
          "vpc_id": {
            "references": ["aws_vpc.foo.id", "aws_vpc.foo"]
          }
        },
        "schema_version": 1
      }, {
        "address": "aws_vpc.foo",
        "mode": "managed",
        "type": "aws_vpc",
        "name": "foo",
        "provider_config_key": "aws",
        "expressions": {
          "cidr_block": {
            "constant_value": "10.1.0.0/16"
          }
        },
        "schema_version": 1
      }, {
        "address": "aws_wafregional_ipset.ipset",
        "mode": "managed",
        "type": "aws_wafregional_ipset",
        "name": "ipset",
        "provider_config_key": "aws",
        "expressions": {
          "ip_set_descriptor": [{
            "type": {
              "constant_value": "IPV4"
            },
            "value": {
              "constant_value": "192.0.7.0/24"
            }
          }],
          "name": {
            "constant_value": "tfIPSet"
          }
        },
        "schema_version": 0
      }, {
        "address": "aws_wafregional_rule.foo",
        "mode": "managed",
        "type": "aws_wafregional_rule",
        "name": "foo",
        "provider_config_key": "aws",
        "expressions": {
          "metric_name": {
            "constant_value": "tfWAFRule"
          },
          "name": {
            "constant_value": "tfWAFRule"
          },
          "predicate": [{
            "data_id": {
              "references": ["aws_wafregional_ipset.ipset.id", "aws_wafregional_ipset.ipset"]
            },
            "negated": {
              "constant_value": false
            },
            "type": {
              "constant_value": "IPMatch"
            }
          }]
        },
        "schema_version": 0
      }, {
        "address": "aws_wafregional_web_acl.foo",
        "mode": "managed",
        "type": "aws_wafregional_web_acl",
        "name": "foo",
        "provider_config_key": "aws",
        "expressions": {
          "default_action": [{
            "type": {
              "constant_value": "ALLOW"
            }
          }],
          "metric_name": {
            "constant_value": "foo"
          },
          "name": {
            "constant_value": "foo"
          },
          "rule": [{
            "action": [{
              "type": {
                "constant_value": "BLOCK"
              }
            }],
            "priority": {
              "constant_value": 1
            },
            "rule_id": {
              "references": ["aws_wafregional_rule.foo.id", "aws_wafregional_rule.foo"]
            }
          }]
        },
        "schema_version": 0
      }]
    }
  },
  "relevant_attributes": [{
    "resource": "aws_wafregional_ipset.ipset",
    "attribute": ["id"]
  }, {
    "resource": "aws_vpc.foo",
    "attribute": ["id"]
  }, {
    "resource": "aws_wafregional_rule.foo",
    "attribute": ["id"]
  }, {
    "resource": "aws_subnet.baz",
    "attribute": ["id"]
  }, {
    "resource": "aws_subnet.bar",
    "attribute": ["id"]
  }]
}