{
  "format_version": "1.1",
  "terraform_version": "1.3.9",
  "variables": {
    "app_prefix": {
      "value": "clicklogger"
    },
    "lambda_source_zip_path": {
      "value": "..//..//source//clicklogger//target//clicklogger-1.0-SNAPSHOT.jar"
    },
    "stage_name": {
      "value": "dev"
    }
  },
  "planned_values": {
    "outputs": {
      "S3": {
        "sensitive": false
      },
      "deployment-url": {
        "sensitive": false
      },
      "lambda-clicklogger": {
        "sensitive": false
      },
      "lambda-clicklogger-authorzer": {
        "sensitive": false
      }
    },
    "root_module": {
      "resources": [{
        "address": "aws_api_gateway_account.click_logger_api_gateway_account",
        "mode": "managed",
        "type": "aws_api_gateway_account",
        "name": "click_logger_api_gateway_account",
        "provider_name": "registry.terraform.io/hashicorp/aws",
        "schema_version": 0,
        "sensitive_values": {
          "throttle_settings": []
        }
      }, {
        "address": "aws_api_gateway_authorizer.clicklogger-authorizer",
        "mode": "managed",
        "type": "aws_api_gateway_authorizer",
        "name": "clicklogger-authorizer",
        "provider_name": "registry.terraform.io/hashicorp/aws",
        "schema_version": 0,
        "values": {
          "authorizer_result_ttl_in_seconds": 300,
          "identity_source": "method.request.header.Authorization",
          "identity_validation_expression": null,
          "name": "clicklogger-authorizer",
          "provider_arns": null,
          "type": "TOKEN"
        },
        "sensitive_values": {}}, {
        "address": "aws_api_gateway_deployment.clicklogger_deployment",
        "mode": "managed",
        "type": "aws_api_gateway_deployment",
        "name": "clicklogger_deployment",
        "provider_name": "registry.terraform.io/hashicorp/aws",
        "schema_version": 0,
        "values": {
          "description": null,
          "stage_description": null,
          "stage_name": "dev",
          "triggers": null,
          "variables": null
        },
        "sensitive_values": {}}, {
        "address": "aws_api_gateway_integration.integration",
        "mode": "managed",
        "type": "aws_api_gateway_integration",
        "name": "integration",
        "provider_name": "registry.terraform.io/hashicorp/aws",
        "schema_version": 0,
        "values": {
          "cache_key_parameters": null,
          "connection_id": null,
          "connection_type": "INTERNET",
          "content_handling": null,
          "credentials": null,
          "http_method": "POST",
          "integration_http_method": "POST",
          "request_parameters": null,
          "request_templates": null,
          "timeout_milliseconds": 29000,
          "tls_config": [],
          "type": "AWS"
        },
        "sensitive_values": {
          "tls_config": []
        }
      }, {
        "address": "aws_api_gateway_integration_response.MyDemoIntegrationResponse",
        "mode": "managed",
        "type": "aws_api_gateway_integration_response",
        "name": "MyDemoIntegrationResponse",
        "provider_name": "registry.terraform.io/hashicorp/aws",
        "schema_version": 0,
        "values": {
          "content_handling": null,
          "http_method": "POST",
          "response_parameters": {
            "method.response.header.Access-Control-Allow-Headers": "'Content-Type,X-Amz-Date,Authorization,X-Api-Key,X-Amz-Security-Token,X-Requested-With'",
            "method.response.header.Access-Control-Allow-Methods": "'*'",
            "method.response.header.Access-Control-Allow-Origin": "'*'"
          },
          "response_templates": null,
          "selection_pattern": null,
          "status_code": "200"
        },
        "sensitive_values": {
          "response_parameters": {}}}, {
        "address": "aws_api_gateway_method.method",
        "mode": "managed",
        "type": "aws_api_gateway_method",
        "name": "method",
        "provider_name": "registry.terraform.io/hashicorp/aws",
        "schema_version": 0,
        "values": {
          "api_key_required": false,
          "authorization": "CUSTOM",
          "authorization_scopes": null,
          "http_method": "POST",
          "operation_name": null,
          "request_models": {
            "application/json": "clickloggermodel"
          },
          "request_parameters": {
            "method.request.header.Authorization": true
          }
        },
        "sensitive_values": {
          "request_models": {},
          "request_parameters": {}}}, {
        "address": "aws_api_gateway_method_response.response_200",
        "mode": "managed",
        "type": "aws_api_gateway_method_response",
        "name": "response_200",
        "provider_name": "registry.terraform.io/hashicorp/aws",
        "schema_version": 0,
        "values": {
          "http_method": "POST",
          "response_models": {
            "application/json": "Empty"
          },
          "response_parameters": {
            "method.response.header.Access-Control-Allow-Headers": true,
            "method.response.header.Access-Control-Allow-Methods": true,
            "method.response.header.Access-Control-Allow-Origin": true
          },
          "status_code": "200"
        },
        "sensitive_values": {
          "response_models": {},
          "response_parameters": {}}}, {
        "address": "aws_api_gateway_method_settings.general_settings",
        "mode": "managed",
        "type": "aws_api_gateway_method_settings",
        "name": "general_settings",
        "provider_name": "registry.terraform.io/hashicorp/aws",
        "schema_version": 0,
        "values": {
          "method_path": "*/*",
          "settings": [{
            "data_trace_enabled": true,
            "logging_level": "INFO",
            "metrics_enabled": true,
            "throttling_burst_limit": 50,
            "throttling_rate_limit": 100
          }],
          "stage_name": "dev"
        },
        "sensitive_values": {
          "settings": [{}]}}, {
        "address": "aws_api_gateway_model.clicklogger_model",
        "mode": "managed",
        "type": "aws_api_gateway_model",
        "name": "clicklogger_model",
        "provider_name": "registry.terraform.io/hashicorp/aws",
        "schema_version": 0,
        "values": {
          "content_type": "application/json",
          "description": "clicklogger-JSON schema",
          "name": "clickloggermodel",
          "schema": "{\"$schema\":\"http://json-schema.org/draft-04/schema#\",\"additionalProperties\":false,\"properties\":{\"action\":{\"type\":\"string\"},\"callerid\":{\"type\":\"string\"},\"component\":{\"type\":\"string\"},\"contextid\":{\"type\":\"string\"},\"requestid\":{\"type\":\"string\"},\"type\":{\"type\":\"string\"}},\"required\":[\"contextid\",\"requestid\",\"callerid\",\"action\",\"component\",\"type\"],\"title\":\"clicklogger\",\"type\":\"object\"}"
        },
        "sensitive_values": {}}, {
        "address": "aws_api_gateway_request_validator.clicklogger_validator",
        "mode": "managed",
        "type": "aws_api_gateway_request_validator",
        "name": "clicklogger_validator",
        "provider_name": "registry.terraform.io/hashicorp/aws",
        "schema_version": 0,
        "values": {
          "name": "clicklogger-validator",
          "validate_request_body": true,
          "validate_request_parameters": true
        },
        "sensitive_values": {}}, {
        "address": "aws_api_gateway_resource.resource",
        "mode": "managed",
        "type": "aws_api_gateway_resource",
        "name": "resource",
        "provider_name": "registry.terraform.io/hashicorp/aws",
        "schema_version": 0,
        "values": {
          "path_part": "clicklogger"
        },
        "sensitive_values": {}}, {
        "address": "aws_api_gateway_rest_api.click_logger_api",
        "mode": "managed",
        "type": "aws_api_gateway_rest_api",
        "name": "click_logger_api",
        "provider_name": "registry.terraform.io/hashicorp/aws",
        "schema_version": 0,
        "values": {
          "body": null,
          "description": "click logger api",
          "minimum_compression_size": -1,
          "name": "clicklogger-api",
          "parameters": null,
          "put_rest_api_mode": null,
          "tags": null
        },
        "sensitive_values": {
          "binary_media_types": [],
          "endpoint_configuration": [],
          "tags_all": {}}}, {
        "address": "aws_cloudwatch_log_group.click_logger_firehose_delivery_stream_log_group",
        "mode": "managed",
        "type": "aws_cloudwatch_log_group",
        "name": "click_logger_firehose_delivery_stream_log_group",
        "provider_name": "registry.terraform.io/hashicorp/aws",
        "schema_version": 0,
        "values": {
          "kms_key_id": null,
          "name": "/aws/kinesis_firehose_delivery_stream/clicklogger/click_logger_firehose_delivery_stream",
          "retention_in_days": 3,
          "skip_destroy": false,
          "tags": null
        },
        "sensitive_values": {
          "tags_all": {}}}, {
        "address": "aws_cloudwatch_log_group.clicklogger-api-log-group",
        "mode": "managed",
        "type": "aws_cloudwatch_log_group",
        "name": "clicklogger-api-log-group",
        "provider_name": "registry.terraform.io/hashicorp/aws",
        "schema_version": 0,
        "values": {
          "kms_key_id": null,
          "name": "/aws/apigateway/clicklogger-API-Gateway-Execution-Logs/dev",
          "retention_in_days": 7,
          "skip_destroy": false,
          "tags": null
        },
        "sensitive_values": {
          "tags_all": {}}}, {
        "address": "aws_cloudwatch_log_group.lambda_click_logger_authorizer_log_group",
        "mode": "managed",
        "type": "aws_cloudwatch_log_group",
        "name": "lambda_click_logger_authorizer_log_group",
        "provider_name": "registry.terraform.io/hashicorp/aws",
        "schema_version": 0,
        "values": {
          "kms_key_id": null,
          "name": "/aws/lambda/clicklogger/clicklogger-lambda-authorizer",
          "retention_in_days": 3,
          "skip_destroy": false,
          "tags": null
        },
        "sensitive_values": {
          "tags_all": {}}}, {
        "address": "aws_cloudwatch_log_group.lambda_click_logger_log_group",
        "mode": "managed",
        "type": "aws_cloudwatch_log_group",
        "name": "lambda_click_logger_log_group",
        "provider_name": "registry.terraform.io/hashicorp/aws",
        "schema_version": 0,
        "values": {
          "kms_key_id": null,
          "name": "/aws/lambda/clicklogger/clicklogger-lambda",
          "retention_in_days": 3,
          "skip_destroy": false,
          "tags": null
        },
        "sensitive_values": {
          "tags_all": {}}}, {
        "address": "aws_cloudwatch_log_stream.click_logger_firehose_delivery_stream",
        "mode": "managed",
        "type": "aws_cloudwatch_log_stream",
        "name": "click_logger_firehose_delivery_stream",
        "provider_name": "registry.terraform.io/hashicorp/aws",
        "schema_version": 0,
        "values": {
          "log_group_name": "/aws/kinesis_firehose_delivery_stream/clicklogger/click_logger_firehose_delivery_stream",
          "name": "clicklogger-firehose-delivery-stream"
        },
        "sensitive_values": {}}, {
        "address": "aws_dynamodb_table.click-logger-table",
        "mode": "managed",
        "type": "aws_dynamodb_table",
        "name": "click-logger-table",
        "provider_name": "registry.terraform.io/hashicorp/aws",
        "schema_version": 1,
        "values": {
          "attribute": [{
            "name": "callerid",
            "type": "S"
          }, {
            "name": "contextid",
            "type": "S"
          }, {
            "name": "requestid",
            "type": "S"
          }],
          "billing_mode": "PROVISIONED",
          "global_secondary_index": [{
            "hash_key": "contextid",
            "name": "ContextCallerIndex",
            "non_key_attributes": ["action", "clientip", "component", "createdtime", "requestid", "type"],
            "projection_type": "INCLUDE",
            "range_key": "callerid",
            "read_capacity": 5,
            "write_capacity": 5
          }],
          "hash_key": "requestid",
          "local_secondary_index": [],
          "name": "clickloggertable",
          "range_key": "contextid",
          "read_capacity": 5,
          "replica": [],
          "restore_date_time": null,
          "restore_source_name": null,
          "restore_to_latest_time": null,
          "stream_enabled": null,
          "table_class": null,
          "tags": {
            "Environment": "dev",
            "Name": "clickloggertable"
          },
          "tags_all": {
            "Environment": "dev",
            "Name": "clickloggertable"
          },
          "timeouts": null,
          "write_capacity": 5
        },
        "sensitive_values": {
          "attribute": [{}, {}, {}],
          "global_secondary_index": [{
            "non_key_attributes": [false, false, false, false, false, false]
          }],
          "local_secondary_index": [],
          "point_in_time_recovery": [],
          "replica": [],
          "server_side_encryption": [],
          "tags": {},
          "tags_all": {},
          "ttl": []
        }
      }, {
        "address": "aws_glue_catalog_database.aws_glue_click_logger_database",
        "mode": "managed",
        "type": "aws_glue_catalog_database",
        "name": "aws_glue_click_logger_database",
        "provider_name": "registry.terraform.io/hashicorp/aws",
        "schema_version": 0,
        "values": {
          "description": "Click logger Glue database",
          "name": "clickloggerdatabase",
          "parameters": null,
          "target_database": []
        },
        "sensitive_values": {
          "create_table_default_permission": [],
          "target_database": []
        }
      }, {
        "address": "aws_glue_catalog_table.aws_glue_click_logger_catalog_table",
        "mode": "managed",
        "type": "aws_glue_catalog_table",
        "name": "aws_glue_click_logger_catalog_table",
        "provider_name": "registry.terraform.io/hashicorp/aws",
        "schema_version": 0,
        "values": {
          "database_name": "clickloggerdatabase",
          "description": null,
          "name": "clickloggertable",
          "owner": null,
          "parameters": {
            "EXTERNAL": "TRUE",
            "parquet.compression": "SNAPPY"
          },
          "partition_keys": [],
          "retention": 0,
          "storage_descriptor": [{
            "bucket_columns": null,
            "columns": [{
              "comment": null,
              "name": "requestid",
              "parameters": null,
              "type": "string"
            }, {
              "comment": null,
              "name": "contextid",
              "parameters": null,
              "type": "string"
            }, {
              "comment": "",
              "name": "callerid",
              "parameters": null,
              "type": "string"
            }, {
              "comment": "",
              "name": "component",
              "parameters": null,
              "type": "string"
            }, {
              "comment": "",
              "name": "action",
              "parameters": null,
              "type": "string"
            }, {
              "comment": "",
              "name": "type",
              "parameters": null,
              "type": "string"
            }, {
              "comment": "",
              "name": "clientip",
              "parameters": null,
              "type": "string"
            }, {
              "comment": "",
              "name": "createdtime",
              "parameters": null,
              "type": "string"
            }],
            "compressed": false,
            "input_format": "org.apache.hadoop.mapred.TextInputFormat",
            "number_of_buckets": null,
            "output_format": "org.apache.hadoop.hive.ql.io.HiveIgnoreKeyTextOutputFormat",
            "parameters": {
              "classification": "json",
              "compression_type": "none",
              "crawler_schema_deserializer_version": "1.0",
              "crawler_schema_serializer_version": "1.0",
              "type_of_data": "file"
            },
            "schema_reference": [],
            "ser_de_info": [{
              "name": "clickloggertable",
              "parameters": {
                "serialization.format": "1"
              },
              "serialization_library": "org.openx.data.jsonserde.JsonSerDe"
            }],
            "skewed_info": [],
            "sort_columns": [],
            "stored_as_sub_directories": null
          }],
          "table_type": "EXTERNAL_TABLE",
          "target_table": [],
          "view_expanded_text": null,
          "view_original_text": null
        },
        "sensitive_values": {
          "parameters": {},
          "partition_index": [],
          "partition_keys": [],
          "storage_descriptor": [{
            "columns": [{}, {}, {}, {}, {}, {}, {}, {}],
            "parameters": {},
            "schema_reference": [],
            "ser_de_info": [{
              "parameters": {}}],
            "skewed_info": [],
            "sort_columns": []
          }],
          "target_table": []
        }
      }, {
        "address": "aws_iam_policy.click_loggerlambda_logging_policy",
        "mode": "managed",
        "type": "aws_iam_policy",
        "name": "click_loggerlambda_logging_policy",
        "provider_name": "registry.terraform.io/hashicorp/aws",
        "schema_version": 0,
        "values": {
          "description": "IAM policy for logging from a lambda",
          "name": "clicklogger-lambda-logging-policy",
          "name_prefix": null,
          "path": "/",
          "tags": null
        },
        "sensitive_values": {
          "tags_all": {}}}, {
        "address": "aws_iam_role.click_logger_api_gateway_cloudwatch_role",
        "mode": "managed",
        "type": "aws_iam_role",
        "name": "click_logger_api_gateway_cloudwatch_role",
        "provider_name": "registry.terraform.io/hashicorp/aws",
        "schema_version": 0,
        "values": {
          "assume_role_policy": "{\"Statement\":[{\"Action\":\"sts:AssumeRole\",\"Effect\":\"Allow\",\"Principal\":{\"Service\":\"apigateway.amazonaws.com\"},\"Sid\":\"\"}],\"Version\":\"2012-10-17\"}",
          "description": null,
          "force_detach_policies": false,
          "max_session_duration": 3600,
          "name": "clicklogger-api-gateway-cloudwatch-global-role",
          "path": "/",
          "permissions_boundary": null,
          "tags": null
        },
        "sensitive_values": {
          "inline_policy": [],
          "managed_policy_arns": [],
          "tags_all": {}}}, {
        "address": "aws_iam_role.click_logger_invocation_role",
        "mode": "managed",
        "type": "aws_iam_role",
        "name": "click_logger_invocation_role",
        "provider_name": "registry.terraform.io/hashicorp/aws",
        "schema_version": 0,
        "values": {
          "assume_role_policy": "{\"Statement\":[{\"Action\":\"sts:AssumeRole\",\"Effect\":\"Allow\",\"Principal\":{\"Service\":\"apigateway.amazonaws.com\"},\"Sid\":\"\"}],\"Version\":\"2012-10-17\"}",
          "description": null,
          "force_detach_policies": false,
          "max_session_duration": 3600,
          "name": "clicklogger-api-gateway-auth-invocation",
          "path": "/",
          "permissions_boundary": null,
          "tags": null
        },
        "sensitive_values": {
          "inline_policy": [],
          "managed_policy_arns": [],
          "tags_all": {}}}, {
        "address": "aws_iam_role.click_logger_lambda_role",
        "mode": "managed",
        "type": "aws_iam_role",
        "name": "click_logger_lambda_role",
        "provider_name": "registry.terraform.io/hashicorp/aws",
        "schema_version": 0,
        "values": {
          "assume_role_policy": "{\"Statement\":[{\"Action\":\"sts:AssumeRole\",\"Effect\":\"Allow\",\"Principal\":{\"Service\":\"lambda.amazonaws.com\"},\"Sid\":\"\"}],\"Version\":\"2012-10-17\"}",
          "description": null,
          "force_detach_policies": false,
          "max_session_duration": 3600,
          "name": "clicklogger-lambda-role",
          "path": "/",
          "permissions_boundary": null,
          "tags": null
        },
        "sensitive_values": {
          "inline_policy": [],
          "managed_policy_arns": [],
          "tags_all": {}}}, {
        "address": "aws_iam_role.click_logger_stream_consumer_firehose_role",
        "mode": "managed",
        "type": "aws_iam_role",
        "name": "click_logger_stream_consumer_firehose_role",
        "provider_name": "registry.terraform.io/hashicorp/aws",
        "schema_version": 0,
        "values": {
          "assume_role_policy": "{\"Statement\":[{\"Action\":\"sts:AssumeRole\",\"Effect\":\"Allow\",\"Principal\":{\"Service\":\"firehose.amazonaws.com\"},\"Sid\":\"\"}],\"Version\":\"2012-10-17\"}",
          "description": null,
          "force_detach_policies": false,
          "max_session_duration": 3600,
          "name": "clicklogger-stream-consumer-firehose-role",
          "path": "/",
          "permissions_boundary": null,
          "tags": null
        },
        "sensitive_values": {
          "inline_policy": [],
          "managed_policy_arns": [],
          "tags_all": {}}}, {
        "address": "aws_iam_role_policy.click_logger_api_gateway_cloudwatch_policy",
        "mode": "managed",
        "type": "aws_iam_role_policy",
        "name": "click_logger_api_gateway_cloudwatch_policy",
        "provider_name": "registry.terraform.io/hashicorp/aws",
        "schema_version": 0,
        "values": {
          "name": "clicklogger-api-gateway-cloudwatch-policy",
          "name_prefix": null,
          "policy": "{\"Version\":\"2012-10-17\",\"Statement\":[{\"Action\":[\"logs:CreateLogGroup\",\"logs:CreateLogStream\",\"logs:DescribeLogGroups\",\"logs:DescribeLogStreams\",\"logs:PutLogEvents\",\"logs:GetLogEvents\",\"logs:FilterLogEvents\"],\"Effect\":\"Allow\",\"Resource\":\"*\"}]}"
        },
        "sensitive_values": {}}, {
        "address": "aws_iam_role_policy.click_logger_invocation_policy",
        "mode": "managed",
        "type": "aws_iam_role_policy",
        "name": "click_logger_invocation_policy",
        "provider_name": "registry.terraform.io/hashicorp/aws",
        "schema_version": 0,
        "values": {
          "name": "clicklogger-invocation-policy",
          "name_prefix": null
        },
        "sensitive_values": {}}, {
        "address": "aws_iam_role_policy.click_logger_stream_consumer_firehose_inline_policy",
        "mode": "managed",
        "type": "aws_iam_role_policy",
        "name": "click_logger_stream_consumer_firehose_inline_policy",
        "provider_name": "registry.terraform.io/hashicorp/aws",
        "schema_version": 0,
        "values": {
          "name": "clicklogger-stream-consumer-firehose-inline_policy",
          "name_prefix": null,
          "policy": "{\"Version\":\"2012-10-17\",\"Statement\":[{\"Action\":[\"glue:*\",\"s3:*\",\"logs:*\",\"lambda:*\"],\"Effect\":\"Allow\",\"Resource\":\"*\"}]}"
        },
        "sensitive_values": {}}, {
        "address": "aws_iam_role_policy_attachment.click_loggerlambda_policy",
        "mode": "managed",
        "type": "aws_iam_role_policy_attachment",
        "name": "click_loggerlambda_policy",
        "provider_name": "registry.terraform.io/hashicorp/aws",
        "schema_version": 0,
        "values": {
          "policy_arn": "arn:aws:iam::aws:policy/service-role/AWSLambdaBasicExecutionRole",
          "role": "clicklogger-lambda-role"
        },
        "sensitive_values": {}}, {
        "address": "aws_iam_role_policy_attachment.lambda_logs",
        "mode": "managed",
        "type": "aws_iam_role_policy_attachment",
        "name": "lambda_logs",
        "provider_name": "registry.terraform.io/hashicorp/aws",
        "schema_version": 0,
        "values": {
          "role": "clicklogger-lambda-role"
        },
        "sensitive_values": {}}, {
        "address": "aws_kinesis_firehose_delivery_stream.click_logger_firehose_delivery_stream",
        "mode": "managed",
        "type": "aws_kinesis_firehose_delivery_stream",
        "name": "click_logger_firehose_delivery_stream",
        "provider_name": "registry.terraform.io/hashicorp/aws",
        "schema_version": 1,
        "values": {
          "destination": "extended_s3",
          "elasticsearch_configuration": [],
          "extended_s3_configuration": [{
            "buffer_interval": 60,
            "buffer_size": 64,
            "cloudwatch_logging_options": [{
              "enabled": true,
              "log_group_name": "/aws/kinesis_firehose_delivery_stream/click_logger_firehose_delivery_stream",
              "log_stream_name": "click_logger_firehose_delivery_stream"
            }],
            "compression_format": "UNCOMPRESSED",
            "data_format_conversion_configuration": [{
              "enabled": true,
              "input_format_configuration": [{
                "deserializer": [{
                  "hive_json_ser_de": [],
                  "open_x_json_ser_de": [{
                    "case_insensitive": true,
                    "column_to_json_key_mappings": null,
                    "convert_dots_in_json_keys_to_underscores": false
                  }]
                }]
              }],
              "output_format_configuration": [{
                "serializer": [{
                  "orc_ser_de": [],
                  "parquet_ser_de": [{
                    "block_size_bytes": 268435456,
                    "compression": "SNAPPY",
                    "enable_dictionary_compression": false,
                    "max_padding_bytes": 0,
                    "page_size_bytes": 1048576,
                    "writer_version": "V1"
                  }]
                }]
              }],
              "schema_configuration": [{
                "database_name": "clickloggerdatabase",
                "region": "us-east-1",
                "table_name": "clickloggertable",
                "version_id": "LATEST"
              }]
            }],
            "dynamic_partitioning_configuration": [],
            "error_output_prefix": "clicklog_error/error=!{firehose:error-output-type}data=!{timestamp:yyyy}-!{timestamp:MM}-!{timestamp:dd}/",
            "kms_key_arn": null,
            "prefix": "clicklog/data=!{timestamp:yyyy}-!{timestamp:MM}-!{timestamp:dd}/",
            "processing_configuration": [{
              "enabled": true,
              "processors": [{
                "parameters": [{
                  "parameter_name": "LambdaArn"
                }],
                "type": "Lambda"
              }]
            }],
            "s3_backup_configuration": [],
            "s3_backup_mode": "Disabled"
          }],
          "http_endpoint_configuration": [],
          "kinesis_source_configuration": [],
          "name": "clicklogger-firehose-delivery-stream",
          "redshift_configuration": [],
          "s3_configuration": [],
          "server_side_encryption": [],
          "splunk_configuration": [],
          "tags": null,
          "timeouts": null
        },
        "sensitive_values": {
          "elasticsearch_configuration": [],
          "extended_s3_configuration": [{
            "cloudwatch_logging_options": [{}],
            "data_format_conversion_configuration": [{
              "input_format_configuration": [{
                "deserializer": [{
                  "hive_json_ser_de": [],
                  "open_x_json_ser_de": [{}]}]}],
              "output_format_configuration": [{
                "serializer": [{
                  "orc_ser_de": [],
                  "parquet_ser_de": [{}]}]}],
              "schema_configuration": [{}]}],
            "dynamic_partitioning_configuration": [],
            "processing_configuration": [{
              "processors": [{
                "parameters": [{}]}]}],
            "s3_backup_configuration": []
          }],
          "http_endpoint_configuration": [],
          "kinesis_source_configuration": [],
          "redshift_configuration": [],
          "s3_configuration": [],
          "server_side_encryption": [],
          "splunk_configuration": [],
          "tags_all": {}}}, {
        "address": "aws_lambda_function.lambda_clicklogger",
        "mode": "managed",
        "type": "aws_lambda_function",
        "name": "lambda_clicklogger",
        "provider_name": "registry.terraform.io/hashicorp/aws",
        "schema_version": 0,
        "values": {
          "code_signing_config_arn": null,
          "dead_letter_config": [],
          "description": null,
          "environment": [{
            "variables": {
              "STREAM_NAME": "clicklogger-firehose-delivery-stream"
            }
          }],
          "file_system_config": [],
          "filename": "..//..//source//clicklogger//target//clicklogger-1.0-SNAPSHOT.jar",
          "function_name": "clicklogger-lambda",
          "handler": "com.clicklogs.Handlers.ClickLoggerHandler::handleRequest",
          "image_config": [],
          "image_uri": null,
          "kms_key_arn": null,
          "layers": null,
          "memory_size": 2048,
          "package_type": "Zip",
          "publish": false,
          "replace_security_groups_on_destroy": null,
          "replacement_security_group_ids": null,
          "reserved_concurrent_executions": -1,
          "runtime": "java8",
          "s3_bucket": null,
          "s3_key": null,
          "s3_object_version": null,
          "skip_destroy": false,
          "snap_start": [],
          "source_code_hash": "XKEVaTDaaoic+gbj9uSkhorAcywFBvdUcHsX9QfgYIU=",
          "tags": null,
          "timeout": 300,
          "timeouts": null,
          "vpc_config": []
        },
        "sensitive_values": {
          "architectures": [],
          "dead_letter_config": [],
          "environment": [{
            "variables": {}}],
          "ephemeral_storage": [],
          "file_system_config": [],
          "image_config": [],
          "snap_start": [],
          "tags_all": {},
          "tracing_config": [],
          "vpc_config": []
        }
      }, {
        "address": "aws_lambda_function.lambda_clicklogger_authorizer",
        "mode": "managed",
        "type": "aws_lambda_function",
        "name": "lambda_clicklogger_authorizer",
        "provider_name": "registry.terraform.io/hashicorp/aws",
        "schema_version": 0,
        "values": {
          "code_signing_config_arn": null,
          "dead_letter_config": [],
          "description": null,
          "environment": [{
            "variables": {
              "AUTH_TOKENS": "ALLOW=ORDERAPP;ALLOW=BILLAPP;"
            }
          }],
          "file_system_config": [],
          "filename": "..//..//source//clicklogger//target//clicklogger-1.0-SNAPSHOT.jar",
          "function_name": "clicklogger-lambda-authorizer",
          "handler": "com.clicklogs.Handlers.APIGatewayAuthorizerHandler::handleRequest",
          "image_config": [],
          "image_uri": null,
          "kms_key_arn": null,
          "layers": null,
          "memory_size": 2048,
          "package_type": "Zip",
          "publish": false,
          "replace_security_groups_on_destroy": null,
          "replacement_security_group_ids": null,
          "reserved_concurrent_executions": -1,
          "runtime": "java8",
          "s3_bucket": null,
          "s3_key": null,
          "s3_object_version": null,
          "skip_destroy": false,
          "snap_start": [],
          "source_code_hash": "XKEVaTDaaoic+gbj9uSkhorAcywFBvdUcHsX9QfgYIU=",
          "tags": null,
          "timeout": 300,
          "timeouts": null,
          "vpc_config": []
        },
        "sensitive_values": {
          "architectures": [],
          "dead_letter_config": [],
          "environment": [{
            "variables": {}}],
          "ephemeral_storage": [],
          "file_system_config": [],
          "image_config": [],
          "snap_start": [],
          "tags_all": {},
          "tracing_config": [],
          "vpc_config": []
        }
      }, {
        "address": "aws_lambda_function.lambda_clicklogger_stream_consumer",
        "mode": "managed",
        "type": "aws_lambda_function",
        "name": "lambda_clicklogger_stream_consumer",
        "provider_name": "registry.terraform.io/hashicorp/aws",
        "schema_version": 0,
        "values": {
          "code_signing_config_arn": null,
          "dead_letter_config": [],
          "description": null,
          "environment": [{
            "variables": {
              "DB_TABLE": "clickloggertable"
            }
          }],
          "file_system_config": [],
          "filename": "..//..//source//clicklogger//target//clicklogger-1.0-SNAPSHOT.jar",
          "function_name": "clicklogger-lambda-stream-consumer",
          "handler": "com.clicklogs.Handlers.ClickLoggerStreamHandler::handleRequest",
          "image_config": [],
          "image_uri": null,
          "kms_key_arn": null,
          "layers": null,
          "memory_size": 2048,
          "package_type": "Zip",
          "publish": false,
          "replace_security_groups_on_destroy": null,
          "replacement_security_group_ids": null,
          "reserved_concurrent_executions": -1,
          "runtime": "java8",
          "s3_bucket": null,
          "s3_key": null,
          "s3_object_version": null,
          "skip_destroy": false,
          "snap_start": [],
          "source_code_hash": "XKEVaTDaaoic+gbj9uSkhorAcywFBvdUcHsX9QfgYIU=",
          "tags": null,
          "timeout": 300,
          "timeouts": null,
          "vpc_config": []
        },
        "sensitive_values": {
          "architectures": [],
          "dead_letter_config": [],
          "environment": [{
            "variables": {}}],
          "ephemeral_storage": [],
          "file_system_config": [],
          "image_config": [],
          "snap_start": [],
          "tags_all": {},
          "tracing_config": [],
          "vpc_config": []
        }
      }, {
        "address": "aws_lambda_permission.apigw_lambda",
        "mode": "managed",
        "type": "aws_lambda_permission",
        "name": "apigw_lambda",
        "provider_name": "registry.terraform.io/hashicorp/aws",
        "schema_version": 0,
        "values": {
          "action": "lambda:InvokeFunction",
          "event_source_token": null,
          "function_url_auth_type": null,
          "principal": "apigateway.amazonaws.com",
          "principal_org_id": null,
          "qualifier": null,
          "source_account": null,
          "statement_id": "AllowExecutionFromAPIGateway"
        },
        "sensitive_values": {}}, {
        "address": "aws_s3_bucket.click_logger_firehose_delivery_s3_bucket",
        "mode": "managed",
        "type": "aws_s3_bucket",
        "name": "click_logger_firehose_delivery_s3_bucket",
        "provider_name": "registry.terraform.io/hashicorp/aws",
        "schema_version": 0,
        "values": {
          "acl": "private",
          "bucket": "clicklogger-dev-firehose-delivery-bucket-154977180039",
          "bucket_prefix": null,
          "force_destroy": false,
          "tags": {
            "Environment": "dev",
            "Name": "Firehose S3 Delivery bucket"
          },
          "tags_all": {
            "Environment": "dev",
            "Name": "Firehose S3 Delivery bucket"
          },
          "timeouts": null
        },
        "sensitive_values": {
          "cors_rule": [],
          "grant": [],
          "lifecycle_rule": [],
          "logging": [],
          "object_lock_configuration": [],
          "replication_configuration": [],
          "server_side_encryption_configuration": [],
          "tags": {},
          "tags_all": {},
          "versioning": [],
          "website": []
        }
      }]
    }
  },
  "resource_changes": [{
    "address": "aws_api_gateway_account.click_logger_api_gateway_account",
    "mode": "managed",
    "type": "aws_api_gateway_account",
    "name": "click_logger_api_gateway_account",
    "provider_name": "registry.terraform.io/hashicorp/aws",
    "change": {
      "actions": ["create"],
      "before": null,
      "after": {},
      "after_unknown": {
        "cloudwatch_role_arn": true,
        "id": true,
        "throttle_settings": true
      },
      "before_sensitive": false,
      "after_sensitive": {
        "throttle_settings": []
      }
    }
  }, {
    "address": "aws_api_gateway_authorizer.clicklogger-authorizer",
    "mode": "managed",
    "type": "aws_api_gateway_authorizer",
    "name": "clicklogger-authorizer",
    "provider_name": "registry.terraform.io/hashicorp/aws",
    "change": {
      "actions": ["create"],
      "before": null,
      "after": {
        "authorizer_result_ttl_in_seconds": 300,
        "identity_source": "method.request.header.Authorization",
        "identity_validation_expression": null,
        "name": "clicklogger-authorizer",
        "provider_arns": null,
        "type": "TOKEN"
      },
      "after_unknown": {
        "arn": true,
        "authorizer_credentials": true,
        "authorizer_uri": true,
        "id": true,
        "rest_api_id": true
      },
      "before_sensitive": false,
      "after_sensitive": {}}}, {
    "address": "aws_api_gateway_deployment.clicklogger_deployment",
    "mode": "managed",
    "type": "aws_api_gateway_deployment",
    "name": "clicklogger_deployment",
    "provider_name": "registry.terraform.io/hashicorp/aws",
    "change": {
      "actions": ["create"],
      "before": null,
      "after": {
        "description": null,
        "stage_description": null,
        "stage_name": "dev",
        "triggers": null,
        "variables": null
      },
      "after_unknown": {
        "created_date": true,
        "execution_arn": true,
        "id": true,
        "invoke_url": true,
        "rest_api_id": true
      },
      "before_sensitive": false,
      "after_sensitive": {}}}, {
    "address": "aws_api_gateway_integration.integration",
    "mode": "managed",
    "type": "aws_api_gateway_integration",
    "name": "integration",
    "provider_name": "registry.terraform.io/hashicorp/aws",
    "change": {
      "actions": ["create"],
      "before": null,
      "after": {
        "cache_key_parameters": null,
        "connection_id": null,
        "connection_type": "INTERNET",
        "content_handling": null,
        "credentials": null,
        "http_method": "POST",
        "integration_http_method": "POST",
        "request_parameters": null,
        "request_templates": null,
        "timeout_milliseconds": 29000,
        "tls_config": [],
        "type": "AWS"
      },
      "after_unknown": {
        "cache_namespace": true,
        "id": true,
        "passthrough_behavior": true,
        "resource_id": true,
        "rest_api_id": true,
        "tls_config": [],
        "uri": true
      },
      "before_sensitive": false,
      "after_sensitive": {
        "tls_config": []
      }
    }
  }, {
    "address": "aws_api_gateway_integration_response.MyDemoIntegrationResponse",
    "mode": "managed",
    "type": "aws_api_gateway_integration_response",
    "name": "MyDemoIntegrationResponse",
    "provider_name": "registry.terraform.io/hashicorp/aws",
    "change": {
      "actions": ["create"],
      "before": null,
      "after": {
        "content_handling": null,
        "http_method": "POST",
        "response_parameters": {
          "method.response.header.Access-Control-Allow-Headers": "'Content-Type,X-Amz-Date,Authorization,X-Api-Key,X-Amz-Security-Token,X-Requested-With'",
          "method.response.header.Access-Control-Allow-Methods": "'*'",
          "method.response.header.Access-Control-Allow-Origin": "'*'"
        },
        "response_templates": null,
        "selection_pattern": null,
        "status_code": "200"
      },
      "after_unknown": {
        "id": true,
        "resource_id": true,
        "response_parameters": {},
        "rest_api_id": true
      },
      "before_sensitive": false,
      "after_sensitive": {
        "response_parameters": {}}}}, {
    "address": "aws_api_gateway_method.method",
    "mode": "managed",
    "type": "aws_api_gateway_method",
    "name": "method",
    "provider_name": "registry.terraform.io/hashicorp/aws",
    "change": {
      "actions": ["create"],
      "before": null,
      "after": {
        "api_key_required": false,
        "authorization": "CUSTOM",
        "authorization_scopes": null,
        "http_method": "POST",
        "operation_name": null,
        "request_models": {
          "application/json": "clickloggermodel"
        },
        "request_parameters": {
          "method.request.header.Authorization": true
        }
      },
      "after_unknown": {
        "authorizer_id": true,
        "id": true,
        "request_models": {},
        "request_parameters": {},
        "request_validator_id": true,
        "resource_id": true,
        "rest_api_id": true
      },
      "before_sensitive": false,
      "after_sensitive": {
        "request_models": {},
        "request_parameters": {}}}}, {
    "address": "aws_api_gateway_method_response.response_200",
    "mode": "managed",
    "type": "aws_api_gateway_method_response",
    "name": "response_200",
    "provider_name": "registry.terraform.io/hashicorp/aws",
    "change": {
      "actions": ["create"],
      "before": null,
      "after": {
        "http_method": "POST",
        "response_models": {
          "application/json": "Empty"
        },
        "response_parameters": {
          "method.response.header.Access-Control-Allow-Headers": true,
          "method.response.header.Access-Control-Allow-Methods": true,
          "method.response.header.Access-Control-Allow-Origin": true
        },
        "status_code": "200"
      },
      "after_unknown": {
        "id": true,
        "resource_id": true,
        "response_models": {},
        "response_parameters": {},
        "rest_api_id": true
      },
      "before_sensitive": false,
      "after_sensitive": {
        "response_models": {},
        "response_parameters": {}}}}, {
    "address": "aws_api_gateway_method_settings.general_settings",
    "mode": "managed",
    "type": "aws_api_gateway_method_settings",
    "name": "general_settings",
    "provider_name": "registry.terraform.io/hashicorp/aws",
    "change": {
      "actions": ["create"],
      "before": null,
      "after": {
        "method_path": "*/*",
        "settings": [{
          "data_trace_enabled": true,
          "logging_level": "INFO",
          "metrics_enabled": true,
          "throttling_burst_limit": 50,
          "throttling_rate_limit": 100
        }],
        "stage_name": "dev"
      },
      "after_unknown": {
        "id": true,
        "rest_api_id": true,
        "settings": [{
          "cache_data_encrypted": true,
          "cache_ttl_in_seconds": true,
          "caching_enabled": true,
          "require_authorization_for_cache_control": true,
          "unauthorized_cache_control_header_strategy": true
        }]
      },
      "before_sensitive": false,
      "after_sensitive": {
        "settings": [{}]}}}, {
    "address": "aws_api_gateway_model.clicklogger_model",
    "mode": "managed",
    "type": "aws_api_gateway_model",
    "name": "clicklogger_model",
    "provider_name": "registry.terraform.io/hashicorp/aws",
    "change": {
      "actions": ["create"],
      "before": null,
      "after": {
        "content_type": "application/json",
        "description": "clicklogger-JSON schema",
        "name": "clickloggermodel",
        "schema": "{\"$schema\":\"http://json-schema.org/draft-04/schema#\",\"additionalProperties\":false,\"properties\":{\"action\":{\"type\":\"string\"},\"callerid\":{\"type\":\"string\"},\"component\":{\"type\":\"string\"},\"contextid\":{\"type\":\"string\"},\"requestid\":{\"type\":\"string\"},\"type\":{\"type\":\"string\"}},\"required\":[\"contextid\",\"requestid\",\"callerid\",\"action\",\"component\",\"type\"],\"title\":\"clicklogger\",\"type\":\"object\"}"
      },
      "after_unknown": {
        "id": true,
        "rest_api_id": true
      },
      "before_sensitive": false,
      "after_sensitive": {}}}, {
    "address": "aws_api_gateway_request_validator.clicklogger_validator",
    "mode": "managed",
    "type": "aws_api_gateway_request_validator",
    "name": "clicklogger_validator",
    "provider_name": "registry.terraform.io/hashicorp/aws",
    "change": {
      "actions": ["create"],
      "before": null,
      "after": {
        "name": "clicklogger-validator",
        "validate_request_body": true,
        "validate_request_parameters": true
      },
      "after_unknown": {
        "id": true,
        "rest_api_id": true
      },
      "before_sensitive": false,
      "after_sensitive": {}}}, {
    "address": "aws_api_gateway_resource.resource",
    "mode": "managed",
    "type": "aws_api_gateway_resource",
    "name": "resource",
    "provider_name": "registry.terraform.io/hashicorp/aws",
    "change": {
      "actions": ["create"],
      "before": null,
      "after": {
        "path_part": "clicklogger"
      },
      "after_unknown": {
        "id": true,
        "parent_id": true,
        "path": true,
        "rest_api_id": true
      },
      "before_sensitive": false,
      "after_sensitive": {}}}, {
    "address": "aws_api_gateway_rest_api.click_logger_api",
    "mode": "managed",
    "type": "aws_api_gateway_rest_api",
    "name": "click_logger_api",
    "provider_name": "registry.terraform.io/hashicorp/aws",
    "change": {
      "actions": ["create"],
      "before": null,
      "after": {
        "body": null,
        "description": "click logger api",
        "minimum_compression_size": -1,
        "name": "clicklogger-api",
        "parameters": null,
        "put_rest_api_mode": null,
        "tags": null
      },
      "after_unknown": {
        "api_key_source": true,
        "arn": true,
        "binary_media_types": true,
        "created_date": true,
        "disable_execute_api_endpoint": true,
        "endpoint_configuration": true,
        "execution_arn": true,
        "id": true,
        "policy": true,
        "root_resource_id": true,
        "tags_all": true
      },
      "before_sensitive": false,
      "after_sensitive": {
        "binary_media_types": [],
        "endpoint_configuration": [],
        "tags_all": {}}}}, {
    "address": "aws_cloudwatch_log_group.click_logger_firehose_delivery_stream_log_group",
    "mode": "managed",
    "type": "aws_cloudwatch_log_group",
    "name": "click_logger_firehose_delivery_stream_log_group",
    "provider_name": "registry.terraform.io/hashicorp/aws",
    "change": {
      "actions": ["create"],
      "before": null,
      "after": {
        "kms_key_id": null,
        "name": "/aws/kinesis_firehose_delivery_stream/clicklogger/click_logger_firehose_delivery_stream",
        "retention_in_days": 3,
        "skip_destroy": false,
        "tags": null
      },
      "after_unknown": {
        "arn": true,
        "id": true,
        "name_prefix": true,
        "tags_all": true
      },
      "before_sensitive": false,
      "after_sensitive": {
        "tags_all": {}}}}, {
    "address": "aws_cloudwatch_log_group.clicklogger-api-log-group",
    "mode": "managed",
    "type": "aws_cloudwatch_log_group",
    "name": "clicklogger-api-log-group",
    "provider_name": "registry.terraform.io/hashicorp/aws",
    "change": {
      "actions": ["create"],
      "before": null,
      "after": {
        "kms_key_id": null,
        "name": "/aws/apigateway/clicklogger-API-Gateway-Execution-Logs/dev",
        "retention_in_days": 7,
        "skip_destroy": false,
        "tags": null
      },
      "after_unknown": {
        "arn": true,
        "id": true,
        "name_prefix": true,
        "tags_all": true
      },
      "before_sensitive": false,
      "after_sensitive": {
        "tags_all": {}}}}, {
    "address": "aws_cloudwatch_log_group.lambda_click_logger_authorizer_log_group",
    "mode": "managed",
    "type": "aws_cloudwatch_log_group",
    "name": "lambda_click_logger_authorizer_log_group",
    "provider_name": "registry.terraform.io/hashicorp/aws",
    "change": {
      "actions": ["create"],
      "before": null,
      "after": {
        "kms_key_id": null,
        "name": "/aws/lambda/clicklogger/clicklogger-lambda-authorizer",
        "retention_in_days": 3,
        "skip_destroy": false,
        "tags": null
      },
      "after_unknown": {
        "arn": true,
        "id": true,
        "name_prefix": true,
        "tags_all": true
      },
      "before_sensitive": false,
      "after_sensitive": {
        "tags_all": {}}}}, {
    "address": "aws_cloudwatch_log_group.lambda_click_logger_log_group",
    "mode": "managed",
    "type": "aws_cloudwatch_log_group",
    "name": "lambda_click_logger_log_group",
    "provider_name": "registry.terraform.io/hashicorp/aws",
    "change": {
      "actions": ["create"],
      "before": null,
      "after": {
        "kms_key_id": null,
        "name": "/aws/lambda/clicklogger/clicklogger-lambda",
        "retention_in_days": 3,
        "skip_destroy": false,
        "tags": null
      },
      "after_unknown": {
        "arn": true,
        "id": true,
        "name_prefix": true,
        "tags_all": true
      },
      "before_sensitive": false,
      "after_sensitive": {
        "tags_all": {}}}}, {
    "address": "aws_cloudwatch_log_stream.click_logger_firehose_delivery_stream",
    "mode": "managed",
    "type": "aws_cloudwatch_log_stream",
    "name": "click_logger_firehose_delivery_stream",
    "provider_name": "registry.terraform.io/hashicorp/aws",
    "change": {
      "actions": ["create"],
      "before": null,
      "after": {
        "log_group_name": "/aws/kinesis_firehose_delivery_stream/clicklogger/click_logger_firehose_delivery_stream",
        "name": "clicklogger-firehose-delivery-stream"
      },
      "after_unknown": {
        "arn": true,
        "id": true
      },
      "before_sensitive": false,
      "after_sensitive": {}}}, {
    "address": "aws_dynamodb_table.click-logger-table",
    "mode": "managed",
    "type": "aws_dynamodb_table",
    "name": "click-logger-table",
    "provider_name": "registry.terraform.io/hashicorp/aws",
    "change": {
      "actions": ["create"],
      "before": null,
      "after": {
        "attribute": [{
          "name": "callerid",
          "type": "S"
        }, {
          "name": "contextid",
          "type": "S"
        }, {
          "name": "requestid",
          "type": "S"
        }],
        "billing_mode": "PROVISIONED",
        "global_secondary_index": [{
          "hash_key": "contextid",
          "name": "ContextCallerIndex",
          "non_key_attributes": ["action", "clientip", "component", "createdtime", "requestid", "type"],
          "projection_type": "INCLUDE",
          "range_key": "callerid",
          "read_capacity": 5,
          "write_capacity": 5
        }],
        "hash_key": "requestid",
        "local_secondary_index": [],
        "name": "clickloggertable",
        "range_key": "contextid",
        "read_capacity": 5,
        "replica": [],
        "restore_date_time": null,
        "restore_source_name": null,
        "restore_to_latest_time": null,
        "stream_enabled": null,
        "table_class": null,
        "tags": {
          "Environment": "dev",
          "Name": "clickloggertable"
        },
        "tags_all": {
          "Environment": "dev",
          "Name": "clickloggertable"
        },
        "timeouts": null,
        "write_capacity": 5
      },
      "after_unknown": {
        "arn": true,
        "attribute": [{}, {}, {}],
        "global_secondary_index": [{
          "non_key_attributes": [false, false, false, false, false, false]
        }],
        "id": true,
        "local_secondary_index": [],
        "point_in_time_recovery": true,
        "replica": [],
        "server_side_encryption": true,
        "stream_arn": true,
        "stream_label": true,
        "stream_view_type": true,
        "tags": {},
        "tags_all": {},
        "ttl": true
      },
      "before_sensitive": false,
      "after_sensitive": {
        "attribute": [{}, {}, {}],
        "global_secondary_index": [{
          "non_key_attributes": [false, false, false, false, false, false]
        }],
        "local_secondary_index": [],
        "point_in_time_recovery": [],
        "replica": [],
        "server_side_encryption": [],
        "tags": {},
        "tags_all": {},
        "ttl": []
      }
    }
  }, {
    "address": "aws_glue_catalog_database.aws_glue_click_logger_database",
    "mode": "managed",
    "type": "aws_glue_catalog_database",
    "name": "aws_glue_click_logger_database",
    "provider_name": "registry.terraform.io/hashicorp/aws",
    "change": {
      "actions": ["create"],
      "before": null,
      "after": {
        "description": "Click logger Glue database",
        "name": "clickloggerdatabase",
        "parameters": null,
        "target_database": []
      },
      "after_unknown": {
        "arn": true,
        "catalog_id": true,
        "create_table_default_permission": true,
        "id": true,
        "location_uri": true,
        "target_database": []
      },
      "before_sensitive": false,
      "after_sensitive": {
        "create_table_default_permission": [],
        "target_database": []
      }
    }
  }, {
    "address": "aws_glue_catalog_table.aws_glue_click_logger_catalog_table",
    "mode": "managed",
    "type": "aws_glue_catalog_table",
    "name": "aws_glue_click_logger_catalog_table",
    "provider_name": "registry.terraform.io/hashicorp/aws",
    "change": {
      "actions": ["create"],
      "before": null,
      "after": {
        "database_name": "clickloggerdatabase",
        "description": null,
        "name": "clickloggertable",
        "owner": null,
        "parameters": {
          "EXTERNAL": "TRUE",
          "parquet.compression": "SNAPPY"
        },
        "partition_keys": [],
        "retention": 0,
        "storage_descriptor": [{
          "bucket_columns": null,
          "columns": [{
            "comment": null,
            "name": "requestid",
            "parameters": null,
            "type": "string"
          }, {
            "comment": null,
            "name": "contextid",
            "parameters": null,
            "type": "string"
          }, {
            "comment": "",
            "name": "callerid",
            "parameters": null,
            "type": "string"
          }, {
            "comment": "",
            "name": "component",
            "parameters": null,
            "type": "string"
          }, {
            "comment": "",
            "name": "action",
            "parameters": null,
            "type": "string"
          }, {
            "comment": "",
            "name": "type",
            "parameters": null,
            "type": "string"
          }, {
            "comment": "",
            "name": "clientip",
            "parameters": null,
            "type": "string"
          }, {
            "comment": "",
            "name": "createdtime",
            "parameters": null,
            "type": "string"
          }],
          "compressed": false,
          "input_format": "org.apache.hadoop.mapred.TextInputFormat",
          "number_of_buckets": null,
          "output_format": "org.apache.hadoop.hive.ql.io.HiveIgnoreKeyTextOutputFormat",
          "parameters": {
            "classification": "json",
            "compression_type": "none",
            "crawler_schema_deserializer_version": "1.0",
            "crawler_schema_serializer_version": "1.0",
            "type_of_data": "file"
          },
          "schema_reference": [],
          "ser_de_info": [{
            "name": "clickloggertable",
            "parameters": {
              "serialization.format": "1"
            },
            "serialization_library": "org.openx.data.jsonserde.JsonSerDe"
          }],
          "skewed_info": [],
          "sort_columns": [],
          "stored_as_sub_directories": null
        }],
        "table_type": "EXTERNAL_TABLE",
        "target_table": [],
        "view_expanded_text": null,
        "view_original_text": null
      },
      "after_unknown": {
        "arn": true,
        "catalog_id": true,
        "id": true,
        "parameters": {},
        "partition_index": true,
        "partition_keys": [],
        "storage_descriptor": [{
          "columns": [{}, {}, {}, {}, {}, {}, {}, {}],
          "location": true,
          "parameters": {},
          "schema_reference": [],
          "ser_de_info": [{
            "parameters": {}}],
          "skewed_info": [],
          "sort_columns": []
        }],
        "target_table": []
      },
      "before_sensitive": false,
      "after_sensitive": {
        "parameters": {},
        "partition_index": [],
        "partition_keys": [],
        "storage_descriptor": [{
          "columns": [{}, {}, {}, {}, {}, {}, {}, {}],
          "parameters": {},
          "schema_reference": [],
          "ser_de_info": [{
            "parameters": {}}],
          "skewed_info": [],
          "sort_columns": []
        }],
        "target_table": []
      }
    }
  }, {
    "address": "aws_iam_policy.click_loggerlambda_logging_policy",
    "mode": "managed",
    "type": "aws_iam_policy",
    "name": "click_loggerlambda_logging_policy",
    "provider_name": "registry.terraform.io/hashicorp/aws",
    "change": {
      "actions": ["create"],
      "before": null,
      "after": {
        "description": "IAM policy for logging from a lambda",
        "name": "clicklogger-lambda-logging-policy",
        "name_prefix": null,
        "path": "/",
        "tags": null
      },
      "after_unknown": {
        "arn": true,
        "id": true,
        "policy": true,
        "policy_id": true,
        "tags_all": true
      },
      "before_sensitive": false,
      "after_sensitive": {
        "tags_all": {}}}}, {
    "address": "aws_iam_role.click_logger_api_gateway_cloudwatch_role",
    "mode": "managed",
    "type": "aws_iam_role",
    "name": "click_logger_api_gateway_cloudwatch_role",
    "provider_name": "registry.terraform.io/hashicorp/aws",
    "change": {
      "actions": ["create"],
      "before": null,
      "after": {
        "assume_role_policy": "{\"Statement\":[{\"Action\":\"sts:AssumeRole\",\"Effect\":\"Allow\",\"Principal\":{\"Service\":\"apigateway.amazonaws.com\"},\"Sid\":\"\"}],\"Version\":\"2012-10-17\"}",
        "description": null,
        "force_detach_policies": false,
        "max_session_duration": 3600,
        "name": "clicklogger-api-gateway-cloudwatch-global-role",
        "path": "/",
        "permissions_boundary": null,
        "tags": null
      },
      "after_unknown": {
        "arn": true,
        "create_date": true,
        "id": true,
        "inline_policy": true,
        "managed_policy_arns": true,
        "name_prefix": true,
        "tags_all": true,
        "unique_id": true
      },
      "before_sensitive": false,
      "after_sensitive": {
        "inline_policy": [],
        "managed_policy_arns": [],
        "tags_all": {}}}}, {
    "address": "aws_iam_role.click_logger_invocation_role",
    "mode": "managed",
    "type": "aws_iam_role",
    "name": "click_logger_invocation_role",
    "provider_name": "registry.terraform.io/hashicorp/aws",
    "change": {
      "actions": ["create"],
      "before": null,
      "after": {
        "assume_role_policy": "{\"Statement\":[{\"Action\":\"sts:AssumeRole\",\"Effect\":\"Allow\",\"Principal\":{\"Service\":\"apigateway.amazonaws.com\"},\"Sid\":\"\"}],\"Version\":\"2012-10-17\"}",
        "description": null,
        "force_detach_policies": false,
        "max_session_duration": 3600,
        "name": "clicklogger-api-gateway-auth-invocation",
        "path": "/",
        "permissions_boundary": null,
        "tags": null
      },
      "after_unknown": {
        "arn": true,
        "create_date": true,
        "id": true,
        "inline_policy": true,
        "managed_policy_arns": true,
        "name_prefix": true,
        "tags_all": true,
        "unique_id": true
      },
      "before_sensitive": false,
      "after_sensitive": {
        "inline_policy": [],
        "managed_policy_arns": [],
        "tags_all": {}}}}, {
    "address": "aws_iam_role.click_logger_lambda_role",
    "mode": "managed",
    "type": "aws_iam_role",
    "name": "click_logger_lambda_role",
    "provider_name": "registry.terraform.io/hashicorp/aws",
    "change": {
      "actions": ["create"],
      "before": null,
      "after": {
        "assume_role_policy": "{\"Statement\":[{\"Action\":\"sts:AssumeRole\",\"Effect\":\"Allow\",\"Principal\":{\"Service\":\"lambda.amazonaws.com\"},\"Sid\":\"\"}],\"Version\":\"2012-10-17\"}",
        "description": null,
        "force_detach_policies": false,
        "max_session_duration": 3600,
        "name": "clicklogger-lambda-role",
        "path": "/",
        "permissions_boundary": null,
        "tags": null
      },
      "after_unknown": {
        "arn": true,
        "create_date": true,
        "id": true,
        "inline_policy": true,
        "managed_policy_arns": true,
        "name_prefix": true,
        "tags_all": true,
        "unique_id": true
      },
      "before_sensitive": false,
      "after_sensitive": {
        "inline_policy": [],
        "managed_policy_arns": [],
        "tags_all": {}}}}, {
    "address": "aws_iam_role.click_logger_stream_consumer_firehose_role",
    "mode": "managed",
    "type": "aws_iam_role",
    "name": "click_logger_stream_consumer_firehose_role",
    "provider_name": "registry.terraform.io/hashicorp/aws",
    "change": {
      "actions": ["create"],
      "before": null,
      "after": {
        "assume_role_policy": "{\"Statement\":[{\"Action\":\"sts:AssumeRole\",\"Effect\":\"Allow\",\"Principal\":{\"Service\":\"firehose.amazonaws.com\"},\"Sid\":\"\"}],\"Version\":\"2012-10-17\"}",
        "description": null,
        "force_detach_policies": false,
        "max_session_duration": 3600,
        "name": "clicklogger-stream-consumer-firehose-role",
        "path": "/",
        "permissions_boundary": null,
        "tags": null
      },
      "after_unknown": {
        "arn": true,
        "create_date": true,
        "id": true,
        "inline_policy": true,
        "managed_policy_arns": true,
        "name_prefix": true,
        "tags_all": true,
        "unique_id": true
      },
      "before_sensitive": false,
      "after_sensitive": {
        "inline_policy": [],
        "managed_policy_arns": [],
        "tags_all": {}}}}, {
    "address": "aws_iam_role_policy.click_logger_api_gateway_cloudwatch_policy",
    "mode": "managed",
    "type": "aws_iam_role_policy",
    "name": "click_logger_api_gateway_cloudwatch_policy",
    "provider_name": "registry.terraform.io/hashicorp/aws",
    "change": {
      "actions": ["create"],
      "before": null,
      "after": {
        "name": "clicklogger-api-gateway-cloudwatch-policy",
        "name_prefix": null,
        "policy": "{\"Version\":\"2012-10-17\",\"Statement\":[{\"Action\":[\"logs:CreateLogGroup\",\"logs:CreateLogStream\",\"logs:DescribeLogGroups\",\"logs:DescribeLogStreams\",\"logs:PutLogEvents\",\"logs:GetLogEvents\",\"logs:FilterLogEvents\"],\"Effect\":\"Allow\",\"Resource\":\"*\"}]}"
      },
      "after_unknown": {
        "id": true,
        "role": true
      },
      "before_sensitive": false,
      "after_sensitive": {}}}, {
    "address": "aws_iam_role_policy.click_logger_invocation_policy",
    "mode": "managed",
    "type": "aws_iam_role_policy",
    "name": "click_logger_invocation_policy",
    "provider_name": "registry.terraform.io/hashicorp/aws",
    "change": {
      "actions": ["create"],
      "before": null,
      "after": {
        "name": "clicklogger-invocation-policy",
        "name_prefix": null
      },
      "after_unknown": {
        "id": true,
        "policy": true,
        "role": true
      },
      "before_sensitive": false,
      "after_sensitive": {}}}, {
    "address": "aws_iam_role_policy.click_logger_stream_consumer_firehose_inline_policy",
    "mode": "managed",
    "type": "aws_iam_role_policy",
    "name": "click_logger_stream_consumer_firehose_inline_policy",
    "provider_name": "registry.terraform.io/hashicorp/aws",
    "change": {
      "actions": ["create"],
      "before": null,
      "after": {
        "name": "clicklogger-stream-consumer-firehose-inline_policy",
        "name_prefix": null,
        "policy": "{\"Version\":\"2012-10-17\",\"Statement\":[{\"Action\":[\"glue:*\",\"s3:*\",\"logs:*\",\"lambda:*\"],\"Effect\":\"Allow\",\"Resource\":\"*\"}]}"
      },
      "after_unknown": {
        "id": true,
        "role": true
      },
      "before_sensitive": false,
      "after_sensitive": {}}}, {
    "address": "aws_iam_role_policy_attachment.click_loggerlambda_policy",
    "mode": "managed",
    "type": "aws_iam_role_policy_attachment",
    "name": "click_loggerlambda_policy",
    "provider_name": "registry.terraform.io/hashicorp/aws",
    "change": {
      "actions": ["create"],
      "before": null,
      "after": {
        "policy_arn": "arn:aws:iam::aws:policy/service-role/AWSLambdaBasicExecutionRole",
        "role": "clicklogger-lambda-role"
      },
      "after_unknown": {
        "id": true
      },
      "before_sensitive": false,
      "after_sensitive": {}}}, {
    "address": "aws_iam_role_policy_attachment.lambda_logs",
    "mode": "managed",
    "type": "aws_iam_role_policy_attachment",
    "name": "lambda_logs",
    "provider_name": "registry.terraform.io/hashicorp/aws",
    "change": {
      "actions": ["create"],
      "before": null,
      "after": {
        "role": "clicklogger-lambda-role"
      },
      "after_unknown": {
        "id": true,
        "policy_arn": true
      },
      "before_sensitive": false,
      "after_sensitive": {}}}, {
    "address": "aws_kinesis_firehose_delivery_stream.click_logger_firehose_delivery_stream",
    "mode": "managed",
    "type": "aws_kinesis_firehose_delivery_stream",
    "name": "click_logger_firehose_delivery_stream",
    "provider_name": "registry.terraform.io/hashicorp/aws",
    "change": {
      "actions": ["create"],
      "before": null,
      "after": {
        "destination": "extended_s3",
        "elasticsearch_configuration": [],
        "extended_s3_configuration": [{
          "buffer_interval": 60,
          "buffer_size": 64,
          "cloudwatch_logging_options": [{
            "enabled": true,
            "log_group_name": "/aws/kinesis_firehose_delivery_stream/click_logger_firehose_delivery_stream",
            "log_stream_name": "click_logger_firehose_delivery_stream"
          }],
          "compression_format": "UNCOMPRESSED",
          "data_format_conversion_configuration": [{
            "enabled": true,
            "input_format_configuration": [{
              "deserializer": [{
                "hive_json_ser_de": [],
                "open_x_json_ser_de": [{
                  "case_insensitive": true,
                  "column_to_json_key_mappings": null,
                  "convert_dots_in_json_keys_to_underscores": false
                }]
              }]
            }],
            "output_format_configuration": [{
              "serializer": [{
                "orc_ser_de": [],
                "parquet_ser_de": [{
                  "block_size_bytes": 268435456,
                  "compression": "SNAPPY",
                  "enable_dictionary_compression": false,
                  "max_padding_bytes": 0,
                  "page_size_bytes": 1048576,
                  "writer_version": "V1"
                }]
              }]
            }],
            "schema_configuration": [{
              "database_name": "clickloggerdatabase",
              "region": "us-east-1",
              "table_name": "clickloggertable",
              "version_id": "LATEST"
            }]
          }],
          "dynamic_partitioning_configuration": [],
          "error_output_prefix": "clicklog_error/error=!{firehose:error-output-type}data=!{timestamp:yyyy}-!{timestamp:MM}-!{timestamp:dd}/",
          "kms_key_arn": null,
          "prefix": "clicklog/data=!{timestamp:yyyy}-!{timestamp:MM}-!{timestamp:dd}/",
          "processing_configuration": [{
            "enabled": true,
            "processors": [{
              "parameters": [{
                "parameter_name": "LambdaArn"
              }],
              "type": "Lambda"
            }]
          }],
          "s3_backup_configuration": [],
          "s3_backup_mode": "Disabled"
        }],
        "http_endpoint_configuration": [],
        "kinesis_source_configuration": [],
        "name": "clicklogger-firehose-delivery-stream",
        "redshift_configuration": [],
        "s3_configuration": [],
        "server_side_encryption": [],
        "splunk_configuration": [],
        "tags": null,
        "timeouts": null
      },
      "after_unknown": {
        "arn": true,
        "destination_id": true,
        "elasticsearch_configuration": [],
        "extended_s3_configuration": [{
          "bucket_arn": true,
          "cloudwatch_logging_options": [{}],
          "data_format_conversion_configuration": [{
            "input_format_configuration": [{
              "deserializer": [{
                "hive_json_ser_de": [],
                "open_x_json_ser_de": [{}]}]}],
            "output_format_configuration": [{
              "serializer": [{
                "orc_ser_de": [],
                "parquet_ser_de": [{}]}]}],
            "schema_configuration": [{
              "catalog_id": true,
              "role_arn": true
            }]
          }],
          "dynamic_partitioning_configuration": [],
          "processing_configuration": [{
            "processors": [{
              "parameters": [{
                "parameter_value": true
              }]
            }]
          }],
          "role_arn": true,
          "s3_backup_configuration": []
        }],
        "http_endpoint_configuration": [],
        "id": true,
        "kinesis_source_configuration": [],
        "redshift_configuration": [],
        "s3_configuration": [],
        "server_side_encryption": [],
        "splunk_configuration": [],
        "tags_all": true,
        "version_id": true
      },
      "before_sensitive": false,
      "after_sensitive": {
        "elasticsearch_configuration": [],
        "extended_s3_configuration": [{
          "cloudwatch_logging_options": [{}],
          "data_format_conversion_configuration": [{
            "input_format_configuration": [{
              "deserializer": [{
                "hive_json_ser_de": [],
                "open_x_json_ser_de": [{}]}]}],
            "output_format_configuration": [{
              "serializer": [{
                "orc_ser_de": [],
                "parquet_ser_de": [{}]}]}],
            "schema_configuration": [{}]}],
          "dynamic_partitioning_configuration": [],
          "processing_configuration": [{
            "processors": [{
              "parameters": [{}]}]}],
          "s3_backup_configuration": []
        }],
        "http_endpoint_configuration": [],
        "kinesis_source_configuration": [],
        "redshift_configuration": [],
        "s3_configuration": [],
        "server_side_encryption": [],
        "splunk_configuration": [],
        "tags_all": {}}}}, {
    "address": "aws_lambda_function.lambda_clicklogger",
    "mode": "managed",
    "type": "aws_lambda_function",
    "name": "lambda_clicklogger",
    "provider_name": "registry.terraform.io/hashicorp/aws",
    "change": {
      "actions": ["create"],
      "before": null,
      "after": {
        "code_signing_config_arn": null,
        "dead_letter_config": [],
        "description": null,
        "environment": [{
          "variables": {
            "STREAM_NAME": "clicklogger-firehose-delivery-stream"
          }
        }],
        "file_system_config": [],
        "filename": "..//..//source//clicklogger//target//clicklogger-1.0-SNAPSHOT.jar",
        "function_name": "clicklogger-lambda",
        "handler": "com.clicklogs.Handlers.ClickLoggerHandler::handleRequest",
        "image_config": [],
        "image_uri": null,
        "kms_key_arn": null,
        "layers": null,
        "memory_size": 2048,
        "package_type": "Zip",
        "publish": false,
        "replace_security_groups_on_destroy": null,
        "replacement_security_group_ids": null,
        "reserved_concurrent_executions": -1,
        "runtime": "java8",
        "s3_bucket": null,
        "s3_key": null,
        "s3_object_version": null,
        "skip_destroy": false,
        "snap_start": [],
        "source_code_hash": "XKEVaTDaaoic+gbj9uSkhorAcywFBvdUcHsX9QfgYIU=",
        "tags": null,
        "timeout": 300,
        "timeouts": null,
        "vpc_config": []
      },
      "after_unknown": {
        "architectures": true,
        "arn": true,
        "dead_letter_config": [],
        "environment": [{
          "variables": {}}],
        "ephemeral_storage": true,
        "file_system_config": [],
        "id": true,
        "image_config": [],
        "invoke_arn": true,
        "last_modified": true,
        "qualified_arn": true,
        "qualified_invoke_arn": true,
        "role": true,
        "signing_job_arn": true,
        "signing_profile_version_arn": true,
        "snap_start": [],
        "source_code_size": true,
        "tags_all": true,
        "tracing_config": true,
        "version": true,
        "vpc_config": []
      },
      "before_sensitive": false,
      "after_sensitive": {
        "architectures": [],
        "dead_letter_config": [],
        "environment": [{
          "variables": {}}],
        "ephemeral_storage": [],
        "file_system_config": [],
        "image_config": [],
        "snap_start": [],
        "tags_all": {},
        "tracing_config": [],
        "vpc_config": []
      }
    }
  }, {
    "address": "aws_lambda_function.lambda_clicklogger_authorizer",
    "mode": "managed",
    "type": "aws_lambda_function",
    "name": "lambda_clicklogger_authorizer",
    "provider_name": "registry.terraform.io/hashicorp/aws",
    "change": {
      "actions": ["create"],
      "before": null,
      "after": {
        "code_signing_config_arn": null,
        "dead_letter_config": [],
        "description": null,
        "environment": [{
          "variables": {
            "AUTH_TOKENS": "ALLOW=ORDERAPP;ALLOW=BILLAPP;"
          }
        }],
        "file_system_config": [],
        "filename": "..//..//source//clicklogger//target//clicklogger-1.0-SNAPSHOT.jar",
        "function_name": "clicklogger-lambda-authorizer",
        "handler": "com.clicklogs.Handlers.APIGatewayAuthorizerHandler::handleRequest",
        "image_config": [],
        "image_uri": null,
        "kms_key_arn": null,
        "layers": null,
        "memory_size": 2048,
        "package_type": "Zip",
        "publish": false,
        "replace_security_groups_on_destroy": null,
        "replacement_security_group_ids": null,
        "reserved_concurrent_executions": -1,
        "runtime": "java8",
        "s3_bucket": null,
        "s3_key": null,
        "s3_object_version": null,
        "skip_destroy": false,
        "snap_start": [],
        "source_code_hash": "XKEVaTDaaoic+gbj9uSkhorAcywFBvdUcHsX9QfgYIU=",
        "tags": null,
        "timeout": 300,
        "timeouts": null,
        "vpc_config": []
      },
      "after_unknown": {
        "architectures": true,
        "arn": true,
        "dead_letter_config": [],
        "environment": [{
          "variables": {}}],
        "ephemeral_storage": true,
        "file_system_config": [],
        "id": true,
        "image_config": [],
        "invoke_arn": true,
        "last_modified": true,
        "qualified_arn": true,
        "qualified_invoke_arn": true,
        "role": true,
        "signing_job_arn": true,
        "signing_profile_version_arn": true,
        "snap_start": [],
        "source_code_size": true,
        "tags_all": true,
        "tracing_config": true,
        "version": true,
        "vpc_config": []
      },
      "before_sensitive": false,
      "after_sensitive": {
        "architectures": [],
        "dead_letter_config": [],
        "environment": [{
          "variables": {}}],
        "ephemeral_storage": [],
        "file_system_config": [],
        "image_config": [],
        "snap_start": [],
        "tags_all": {},
        "tracing_config": [],
        "vpc_config": []
      }
    }
  }, {
    "address": "aws_lambda_function.lambda_clicklogger_stream_consumer",
    "mode": "managed",
    "type": "aws_lambda_function",
    "name": "lambda_clicklogger_stream_consumer",
    "provider_name": "registry.terraform.io/hashicorp/aws",
    "change": {
      "actions": ["create"],
      "before": null,
      "after": {
        "code_signing_config_arn": null,
        "dead_letter_config": [],
        "description": null,
        "environment": [{
          "variables": {
            "DB_TABLE": "clickloggertable"
          }
        }],
        "file_system_config": [],
        "filename": "..//..//source//clicklogger//target//clicklogger-1.0-SNAPSHOT.jar",
        "function_name": "clicklogger-lambda-stream-consumer",
        "handler": "com.clicklogs.Handlers.ClickLoggerStreamHandler::handleRequest",
        "image_config": [],
        "image_uri": null,
        "kms_key_arn": null,
        "layers": null,
        "memory_size": 2048,
        "package_type": "Zip",
        "publish": false,
        "replace_security_groups_on_destroy": null,
        "replacement_security_group_ids": null,
        "reserved_concurrent_executions": -1,
        "runtime": "java8",
        "s3_bucket": null,
        "s3_key": null,
        "s3_object_version": null,
        "skip_destroy": false,
        "snap_start": [],
        "source_code_hash": "XKEVaTDaaoic+gbj9uSkhorAcywFBvdUcHsX9QfgYIU=",
        "tags": null,
        "timeout": 300,
        "timeouts": null,
        "vpc_config": []
      },
      "after_unknown": {
        "architectures": true,
        "arn": true,
        "dead_letter_config": [],
        "environment": [{
          "variables": {}}],
        "ephemeral_storage": true,
        "file_system_config": [],
        "id": true,
        "image_config": [],
        "invoke_arn": true,
        "last_modified": true,
        "qualified_arn": true,
        "qualified_invoke_arn": true,
        "role": true,
        "signing_job_arn": true,
        "signing_profile_version_arn": true,
        "snap_start": [],
        "source_code_size": true,
        "tags_all": true,
        "tracing_config": true,
        "version": true,
        "vpc_config": []
      },
      "before_sensitive": false,
      "after_sensitive": {
        "architectures": [],
        "dead_letter_config": [],
        "environment": [{
          "variables": {}}],
        "ephemeral_storage": [],
        "file_system_config": [],
        "image_config": [],
        "snap_start": [],
        "tags_all": {},
        "tracing_config": [],
        "vpc_config": []
      }
    }
  }, {
    "address": "aws_lambda_permission.apigw_lambda",
    "mode": "managed",
    "type": "aws_lambda_permission",
    "name": "apigw_lambda",
    "provider_name": "registry.terraform.io/hashicorp/aws",
    "change": {
      "actions": ["create"],
      "before": null,
      "after": {
        "action": "lambda:InvokeFunction",
        "event_source_token": null,
        "function_url_auth_type": null,
        "principal": "apigateway.amazonaws.com",
        "principal_org_id": null,
        "qualifier": null,
        "source_account": null,
        "statement_id": "AllowExecutionFromAPIGateway"
      },
      "after_unknown": {
        "function_name": true,
        "id": true,
        "source_arn": true,
        "statement_id_prefix": true
      },
      "before_sensitive": false,
      "after_sensitive": {}}}, {
    "address": "aws_s3_bucket.click_logger_firehose_delivery_s3_bucket",
    "mode": "managed",
    "type": "aws_s3_bucket",
    "name": "click_logger_firehose_delivery_s3_bucket",
    "provider_name": "registry.terraform.io/hashicorp/aws",
    "change": {
      "actions": ["create"],
      "before": null,
      "after": {
        "acl": "private",
        "bucket": "clicklogger-dev-firehose-delivery-bucket-154977180039",
        "bucket_prefix": null,
        "force_destroy": false,
        "tags": {
          "Environment": "dev",
          "Name": "Firehose S3 Delivery bucket"
        },
        "tags_all": {
          "Environment": "dev",
          "Name": "Firehose S3 Delivery bucket"
        },
        "timeouts": null
      },
      "after_unknown": {
        "acceleration_status": true,
        "arn": true,
        "bucket_domain_name": true,
        "bucket_regional_domain_name": true,
        "cors_rule": true,
        "grant": true,
        "hosted_zone_id": true,
        "id": true,
        "lifecycle_rule": true,
        "logging": true,
        "object_lock_configuration": true,
        "object_lock_enabled": true,
        "policy": true,
        "region": true,
        "replication_configuration": true,
        "request_payer": true,
        "server_side_encryption_configuration": true,
        "tags": {},
        "tags_all": {},
        "versioning": true,
        "website": true,
        "website_domain": true,
        "website_endpoint": true
      },
      "before_sensitive": false,
      "after_sensitive": {
        "cors_rule": [],
        "grant": [],
        "lifecycle_rule": [],
        "logging": [],
        "object_lock_configuration": [],
        "replication_configuration": [],
        "server_side_encryption_configuration": [],
        "tags": {},
        "tags_all": {},
        "versioning": [],
        "website": []
      }
    }
  }],
  "output_changes": {
    "S3": {
      "actions": ["create"],
      "before": null,
      "after": {
        "acl": "private",
        "bucket": "clicklogger-dev-firehose-delivery-bucket-154977180039",
        "bucket_prefix": null,
        "force_destroy": false,
        "tags": {
          "Environment": "dev",
          "Name": "Firehose S3 Delivery bucket"
        },
        "tags_all": {
          "Environment": "dev",
          "Name": "Firehose S3 Delivery bucket"
        },
        "timeouts": null
      },
      "after_unknown": {
        "acceleration_status": true,
        "arn": true,
        "bucket_domain_name": true,
        "bucket_regional_domain_name": true,
        "cors_rule": true,
        "grant": true,
        "hosted_zone_id": true,
        "id": true,
        "lifecycle_rule": true,
        "logging": true,
        "object_lock_configuration": true,
        "object_lock_enabled": true,
        "policy": true,
        "region": true,
        "replication_configuration": true,
        "request_payer": true,
        "server_side_encryption_configuration": true,
        "tags": {},
        "tags_all": {},
        "versioning": true,
        "website": true,
        "website_domain": true,
        "website_endpoint": true
      },
      "before_sensitive": false,
      "after_sensitive": false
    },
    "deployment-url": {
      "actions": ["create"],
      "before": null,
      "after_unknown": true,
      "before_sensitive": false,
      "after_sensitive": false
    },
    "lambda-clicklogger": {
      "actions": ["create"],
      "before": null,
      "after": {
        "code_signing_config_arn": null,
        "dead_letter_config": [],
        "description": null,
        "environment": [{
          "variables": {
            "STREAM_NAME": "clicklogger-firehose-delivery-stream"
          }
        }],
        "file_system_config": [],
        "filename": "..//..//source//clicklogger//target//clicklogger-1.0-SNAPSHOT.jar",
        "function_name": "clicklogger-lambda",
        "handler": "com.clicklogs.Handlers.ClickLoggerHandler::handleRequest",
        "image_config": [],
        "image_uri": null,
        "kms_key_arn": null,
        "layers": null,
        "memory_size": 2048,
        "package_type": "Zip",
        "publish": false,
        "replace_security_groups_on_destroy": null,
        "replacement_security_group_ids": null,
        "reserved_concurrent_executions": -1,
        "runtime": "java8",
        "s3_bucket": null,
        "s3_key": null,
        "s3_object_version": null,
        "skip_destroy": false,
        "snap_start": [],
        "source_code_hash": "XKEVaTDaaoic+gbj9uSkhorAcywFBvdUcHsX9QfgYIU=",
        "tags": null,
        "timeout": 300,
        "timeouts": null,
        "vpc_config": []
      },
      "after_unknown": {
        "architectures": true,
        "arn": true,
        "dead_letter_config": [],
        "environment": [{
          "variables": {}}],
        "ephemeral_storage": true,
        "file_system_config": [],
        "id": true,
        "image_config": [],
        "invoke_arn": true,
        "last_modified": true,
        "qualified_arn": true,
        "qualified_invoke_arn": true,
        "role": true,
        "signing_job_arn": true,
        "signing_profile_version_arn": true,
        "snap_start": [],
        "source_code_size": true,
        "tags_all": true,
        "tracing_config": true,
        "version": true,
        "vpc_config": []
      },
      "before_sensitive": false,
      "after_sensitive": false
    },
    "lambda-clicklogger-authorzer": {
      "actions": ["create"],
      "before": null,
      "after": {
        "code_signing_config_arn": null,
        "dead_letter_config": [],
        "description": null,
        "environment": [{
          "variables": {
            "AUTH_TOKENS": "ALLOW=ORDERAPP;ALLOW=BILLAPP;"
          }
        }],
        "file_system_config": [],
        "filename": "..//..//source//clicklogger//target//clicklogger-1.0-SNAPSHOT.jar",
        "function_name": "clicklogger-lambda-authorizer",
        "handler": "com.clicklogs.Handlers.APIGatewayAuthorizerHandler::handleRequest",
        "image_config": [],
        "image_uri": null,
        "kms_key_arn": null,
        "layers": null,
        "memory_size": 2048,
        "package_type": "Zip",
        "publish": false,
        "replace_security_groups_on_destroy": null,
        "replacement_security_group_ids": null,
        "reserved_concurrent_executions": -1,
        "runtime": "java8",
        "s3_bucket": null,
        "s3_key": null,
        "s3_object_version": null,
        "skip_destroy": false,
        "snap_start": [],
        "source_code_hash": "XKEVaTDaaoic+gbj9uSkhorAcywFBvdUcHsX9QfgYIU=",
        "tags": null,
        "timeout": 300,
        "timeouts": null,
        "vpc_config": []
      },
      "after_unknown": {
        "architectures": true,
        "arn": true,
        "dead_letter_config": [],
        "environment": [{
          "variables": {}}],
        "ephemeral_storage": true,
        "file_system_config": [],
        "id": true,
        "image_config": [],
        "invoke_arn": true,
        "last_modified": true,
        "qualified_arn": true,
        "qualified_invoke_arn": true,
        "role": true,
        "signing_job_arn": true,
        "signing_profile_version_arn": true,
        "snap_start": [],
        "source_code_size": true,
        "tags_all": true,
        "tracing_config": true,
        "version": true,
        "vpc_config": []
      },
      "before_sensitive": false,
      "after_sensitive": false
    }
  },
  "prior_state": {
    "format_version": "1.0",
    "terraform_version": "1.3.9",
    "values": {
      "root_module": {
        "resources": [{
          "address": "data.aws_caller_identity.current",
          "mode": "data",
          "type": "aws_caller_identity",
          "name": "current",
          "provider_name": "registry.terraform.io/hashicorp/aws",
          "schema_version": 0,
          "values": {
            "account_id": "154977180039",
            "arn": "arn:aws:iam::656177851052:user/someuser",
            "id": "194477180039",
            "user_id": "ANYUSERID"
          },
          "sensitive_values": {}}, {
          "address": "data.aws_iam_policy_document.AWSLambdaTrustPolicy",
          "mode": "data",
          "type": "aws_iam_policy_document",
          "name": "AWSLambdaTrustPolicy",
          "provider_name": "registry.terraform.io/hashicorp/aws",
          "schema_version": 0,
          "values": {
            "id": "3693445097",
            "json": "{\n  \"Version\": \"2012-10-17\",\n  \"Statement\": [\n    {\n      \"Sid\": \"\",\n      \"Effect\": \"Allow\",\n      \"Action\": \"sts:AssumeRole\",\n      \"Principal\": {\n        \"Service\": \"lambda.amazonaws.com\"\n      }\n    }\n  ]\n}",
            "override_json": null,
            "override_policy_documents": null,
            "policy_id": null,
            "source_json": null,
            "source_policy_documents": null,
            "statement": [{
              "actions": ["sts:AssumeRole"],
              "condition": [],
              "effect": "Allow",
              "not_actions": [],
              "not_principals": [],
              "not_resources": [],
              "principals": [{
                "identifiers": ["lambda.amazonaws.com"],
                "type": "Service"
              }],
              "resources": [],
              "sid": ""
            }],
            "version": "2012-10-17"
          },
          "sensitive_values": {
            "statement": [{
              "actions": [false],
              "condition": [],
              "not_actions": [],
              "not_principals": [],
              "not_resources": [],
              "principals": [{
                "identifiers": [false]
              }],
              "resources": []
            }]
          }
        }, {
          "address": "data.aws_region.current",
          "mode": "data",
          "type": "aws_region",
          "name": "current",
          "provider_name": "registry.terraform.io/hashicorp/aws",
          "schema_version": 0,
          "values": {
            "description": "US East (N. Virginia)",
            "endpoint": "ec2.us-east-1.amazonaws.com",
            "id": "us-east-1",
            "name": "us-east-1"
          },
          "sensitive_values": {}}]}}},
  "configuration": {
    "provider_config": {
      "aws": {
        "name": "aws",
        "full_name": "registry.terraform.io/hashicorp/aws",
        "expressions": {
          "region": {
            "constant_value": "us-east-1"
          }
        }
      }
    },
    "root_module": {
      "outputs": {
        "S3": {
          "expression": {
            "references": ["aws_s3_bucket.click_logger_firehose_delivery_s3_bucket"]
          }
        },
        "deployment-url": {
          "expression": {
            "references": ["aws_api_gateway_deployment.clicklogger_deployment.invoke_url", "aws_api_gateway_deployment.clicklogger_deployment"]
          }
        },
        "lambda-clicklogger": {
          "expression": {
            "references": ["aws_lambda_function.lambda_clicklogger"]
          }
        },
        "lambda-clicklogger-authorzer": {
          "expression": {
            "references": ["aws_lambda_function.lambda_clicklogger_authorizer"]
          }
        }
      },
      "resources": [{
        "address": "aws_api_gateway_account.click_logger_api_gateway_account",
        "mode": "managed",
        "type": "aws_api_gateway_account",
        "name": "click_logger_api_gateway_account",
        "provider_config_key": "aws",
        "expressions": {
          "cloudwatch_role_arn": {
            "references": ["aws_iam_role.click_logger_api_gateway_cloudwatch_role.arn", "aws_iam_role.click_logger_api_gateway_cloudwatch_role"]
          }
        },
        "schema_version": 0
      }, {
        "address": "aws_api_gateway_authorizer.clicklogger-authorizer",
        "mode": "managed",
        "type": "aws_api_gateway_authorizer",
        "name": "clicklogger-authorizer",
        "provider_config_key": "aws",
        "expressions": {
          "authorizer_credentials": {
            "references": ["aws_iam_role.click_logger_invocation_role.arn", "aws_iam_role.click_logger_invocation_role"]
          },
          "authorizer_uri": {
            "references": ["aws_lambda_function.lambda_clicklogger_authorizer.invoke_arn", "aws_lambda_function.lambda_clicklogger_authorizer"]
          },
          "identity_source": {
            "constant_value": "method.request.header.Authorization"
          },
          "name": {
            "constant_value": "clicklogger-authorizer"
          },
          "rest_api_id": {
            "references": ["aws_api_gateway_rest_api.click_logger_api.id", "aws_api_gateway_rest_api.click_logger_api"]
          },
          "type": {
            "constant_value": "TOKEN"
          }
        },
        "schema_version": 0
      }, {
        "address": "aws_api_gateway_deployment.clicklogger_deployment",
        "mode": "managed",
        "type": "aws_api_gateway_deployment",
        "name": "clicklogger_deployment",
        "provider_config_key": "aws",
        "expressions": {
          "rest_api_id": {
            "references": ["aws_api_gateway_rest_api.click_logger_api.id", "aws_api_gateway_rest_api.click_logger_api"]
          },
          "stage_name": {
            "references": ["var.stage_name"]
          }
        },
        "schema_version": 0,
        "depends_on": ["aws_api_gateway_integration.integration"]
      }, {
        "address": "aws_api_gateway_integration.integration",
        "mode": "managed",
        "type": "aws_api_gateway_integration",
        "name": "integration",
        "provider_config_key": "aws",
        "expressions": {
          "http_method": {
            "references": ["aws_api_gateway_method.method.http_method", "aws_api_gateway_method.method"]
          },
          "integration_http_method": {
            "constant_value": "POST"
          },
          "resource_id": {
            "references": ["aws_api_gateway_resource.resource.id", "aws_api_gateway_resource.resource"]
          },
          "rest_api_id": {
            "references": ["aws_api_gateway_rest_api.click_logger_api.id", "aws_api_gateway_rest_api.click_logger_api"]
          },
          "type": {
            "constant_value": "AWS"
          },
          "uri": {
            "references": ["aws_lambda_function.lambda_clicklogger.invoke_arn", "aws_lambda_function.lambda_clicklogger"]
          }
        },
        "schema_version": 0,
        "depends_on": ["aws_api_gateway_rest_api.click_logger_api", "aws_api_gateway_resource.resource", "aws_api_gateway_method.method"]
      }, {
        "address": "aws_api_gateway_integration_response.MyDemoIntegrationResponse",
        "mode": "managed",
        "type": "aws_api_gateway_integration_response",
        "name": "MyDemoIntegrationResponse",
        "provider_config_key": "aws",
        "expressions": {
          "http_method": {
            "references": ["aws_api_gateway_method.method.http_method", "aws_api_gateway_method.method"]
          },
          "resource_id": {
            "references": ["aws_api_gateway_resource.resource.id", "aws_api_gateway_resource.resource"]
          },
          "response_parameters": {
            "constant_value": {
              "method.response.header.Access-Control-Allow-Headers": "'Content-Type,X-Amz-Date,Authorization,X-Api-Key,X-Amz-Security-Token,X-Requested-With'",
              "method.response.header.Access-Control-Allow-Methods": "'*'",
              "method.response.header.Access-Control-Allow-Origin": "'*'"
            }
          },
          "rest_api_id": {
            "references": ["aws_api_gateway_rest_api.click_logger_api.id", "aws_api_gateway_rest_api.click_logger_api"]
          },
          "status_code": {
            "references": ["aws_api_gateway_method_response.response_200.status_code", "aws_api_gateway_method_response.response_200"]
          }
        },
        "schema_version": 0,
        "depends_on": ["aws_api_gateway_resource.resource", "aws_api_gateway_rest_api.click_logger_api", "aws_api_gateway_method_response.response_200", "aws_api_gateway_method.method", "aws_api_gateway_integration.integration"]
      }, {
        "address": "aws_api_gateway_method.method",
        "mode": "managed",
        "type": "aws_api_gateway_method",
        "name": "method",
        "provider_config_key": "aws",
        "expressions": {
          "authorization": {
            "constant_value": "CUSTOM"
          },
          "authorizer_id": {
            "references": ["aws_api_gateway_authorizer.clicklogger-authorizer.id", "aws_api_gateway_authorizer.clicklogger-authorizer"]
          },
          "http_method": {
            "constant_value": "POST"
          },
          "request_models": {
            "references": ["aws_api_gateway_model.clicklogger_model.name", "aws_api_gateway_model.clicklogger_model"]
          },
          "request_parameters": {
            "constant_value": {
              "method.request.header.Authorization": true
            }
          },
          "request_validator_id": {
            "references": ["aws_api_gateway_request_validator.clicklogger_validator.id", "aws_api_gateway_request_validator.clicklogger_validator"]
          },
          "resource_id": {
            "references": ["aws_api_gateway_resource.resource.id", "aws_api_gateway_resource.resource"]
          },
          "rest_api_id": {
            "references": ["aws_api_gateway_rest_api.click_logger_api.id", "aws_api_gateway_rest_api.click_logger_api"]
          }
        },
        "schema_version": 0,
        "depends_on": ["aws_api_gateway_rest_api.click_logger_api", "aws_api_gateway_resource.resource", "aws_api_gateway_authorizer.clicklogger-authorizer", "aws_api_gateway_model.clicklogger_model", "aws_api_gateway_request_validator.clicklogger_validator"]
      }, {
        "address": "aws_api_gateway_method_response.response_200",
        "mode": "managed",
        "type": "aws_api_gateway_method_response",
        "name": "response_200",
        "provider_config_key": "aws",
        "expressions": {
          "http_method": {
            "references": ["aws_api_gateway_method.method.http_method", "aws_api_gateway_method.method"]
          },
          "resource_id": {
            "references": ["aws_api_gateway_resource.resource.id", "aws_api_gateway_resource.resource"]
          },
          "response_models": {
            "constant_value": {
              "application/json": "Empty"
            }
          },
          "response_parameters": {
            "constant_value": {
              "method.response.header.Access-Control-Allow-Headers": true,
              "method.response.header.Access-Control-Allow-Methods": true,
              "method.response.header.Access-Control-Allow-Origin": true
            }
          },
          "rest_api_id": {
            "references": ["aws_api_gateway_rest_api.click_logger_api.id", "aws_api_gateway_rest_api.click_logger_api"]
          },
          "status_code": {
            "constant_value": "200"
          }
        },
        "schema_version": 0,
        "depends_on": ["aws_api_gateway_resource.resource", "aws_api_gateway_rest_api.click_logger_api", "aws_api_gateway_method.method"]
      }, {
        "address": "aws_api_gateway_method_settings.general_settings",
        "mode": "managed",
        "type": "aws_api_gateway_method_settings",
        "name": "general_settings",
        "provider_config_key": "aws",
        "expressions": {
          "method_path": {
            "constant_value": "*/*"
          },
          "rest_api_id": {
            "references": ["aws_api_gateway_rest_api.click_logger_api.id", "aws_api_gateway_rest_api.click_logger_api"]
          },
          "settings": [{
            "data_trace_enabled": {
              "constant_value": true
            },
            "logging_level": {
              "constant_value": "INFO"
            },
            "metrics_enabled": {
              "constant_value": true
            },
            "throttling_burst_limit": {
              "constant_value": 50
            },
            "throttling_rate_limit": {
              "constant_value": 100
            }
          }],
          "stage_name": {
            "references": ["aws_api_gateway_deployment.clicklogger_deployment.stage_name", "aws_api_gateway_deployment.clicklogger_deployment"]
          }
        },
        "schema_version": 0
      }, {
        "address": "aws_api_gateway_model.clicklogger_model",
        "mode": "managed",
        "type": "aws_api_gateway_model",
        "name": "clicklogger_model",
        "provider_config_key": "aws",
        "expressions": {
          "content_type": {
            "constant_value": "application/json"
          },
          "description": {
            "references": ["var.app_prefix"]
          },
          "name": {
            "references": ["var.app_prefix"]
          },
          "rest_api_id": {
            "references": ["aws_api_gateway_rest_api.click_logger_api.id", "aws_api_gateway_rest_api.click_logger_api"]
          },
          "schema": {
            "references": ["var.app_prefix"]
          }
        },
        "schema_version": 0
      }, {
        "address": "aws_api_gateway_request_validator.clicklogger_validator",
        "mode": "managed",
        "type": "aws_api_gateway_request_validator",
        "name": "clicklogger_validator",
        "provider_config_key": "aws",
        "expressions": {
          "name": {
            "references": ["var.app_prefix"]
          },
          "rest_api_id": {
            "references": ["aws_api_gateway_rest_api.click_logger_api.id", "aws_api_gateway_rest_api.click_logger_api"]
          },
          "validate_request_body": {
            "constant_value": true
          },
          "validate_request_parameters": {
            "constant_value": true
          }
        },
        "schema_version": 0
      }, {
        "address": "aws_api_gateway_resource.resource",
        "mode": "managed",
        "type": "aws_api_gateway_resource",
        "name": "resource",
        "provider_config_key": "aws",
        "expressions": {
          "parent_id": {
            "references": ["aws_api_gateway_rest_api.click_logger_api.root_resource_id", "aws_api_gateway_rest_api.click_logger_api"]
          },
          "path_part": {
            "constant_value": "clicklogger"
          },
          "rest_api_id": {
            "references": ["aws_api_gateway_rest_api.click_logger_api.id", "aws_api_gateway_rest_api.click_logger_api"]
          }
        },
        "schema_version": 0,
        "depends_on": ["aws_api_gateway_rest_api.click_logger_api"]
      }, {
        "address": "aws_api_gateway_rest_api.click_logger_api",
        "mode": "managed",
        "type": "aws_api_gateway_rest_api",
        "name": "click_logger_api",
        "provider_config_key": "aws",
        "expressions": {
          "description": {
            "constant_value": "click logger api"
          },
          "name": {
            "references": ["var.app_prefix"]
          }
        },
        "schema_version": 0
      }, {
        "address": "aws_cloudwatch_log_group.click_logger_firehose_delivery_stream_log_group",
        "mode": "managed",
        "type": "aws_cloudwatch_log_group",
        "name": "click_logger_firehose_delivery_stream_log_group",
        "provider_config_key": "aws",
        "expressions": {
          "name": {
            "references": ["var.app_prefix"]
          },
          "retention_in_days": {
            "constant_value": 3
          }
        },
        "schema_version": 0
      }, {
        "address": "aws_cloudwatch_log_group.clicklogger-api-log-group",
        "mode": "managed",
        "type": "aws_cloudwatch_log_group",
        "name": "clicklogger-api-log-group",
        "provider_config_key": "aws",
        "expressions": {
          "name": {
            "references": ["var.app_prefix", "var.stage_name"]
          },
          "retention_in_days": {
            "constant_value": 7
          }
        },
        "schema_version": 0
      }, {
        "address": "aws_cloudwatch_log_group.lambda_click_logger_authorizer_log_group",
        "mode": "managed",
        "type": "aws_cloudwatch_log_group",
        "name": "lambda_click_logger_authorizer_log_group",
        "provider_config_key": "aws",
        "expressions": {
          "name": {
            "references": ["var.app_prefix", "aws_lambda_function.lambda_clicklogger_authorizer.function_name", "aws_lambda_function.lambda_clicklogger_authorizer"]
          },
          "retention_in_days": {
            "constant_value": 3
          }
        },
        "schema_version": 0,
        "depends_on": ["aws_lambda_function.lambda_clicklogger_authorizer"]
      }, {
        "address": "aws_cloudwatch_log_group.lambda_click_logger_log_group",
        "mode": "managed",
        "type": "aws_cloudwatch_log_group",
        "name": "lambda_click_logger_log_group",
        "provider_config_key": "aws",
        "expressions": {
          "name": {
            "references": ["var.app_prefix", "aws_lambda_function.lambda_clicklogger.function_name", "aws_lambda_function.lambda_clicklogger"]
          },
          "retention_in_days": {
            "constant_value": 3
          }
        },
        "schema_version": 0,
        "depends_on": ["aws_lambda_function.lambda_clicklogger"]
      }, {
        "address": "aws_cloudwatch_log_stream.click_logger_firehose_delivery_stream",
        "mode": "managed",
        "type": "aws_cloudwatch_log_stream",
        "name": "click_logger_firehose_delivery_stream",
        "provider_config_key": "aws",
        "expressions": {
          "log_group_name": {
            "references": ["aws_cloudwatch_log_group.click_logger_firehose_delivery_stream_log_group.name", "aws_cloudwatch_log_group.click_logger_firehose_delivery_stream_log_group"]
          },
          "name": {
            "references": ["var.app_prefix"]
          }
        },
        "schema_version": 0
      }, {
        "address": "aws_dynamodb_table.click-logger-table",
        "mode": "managed",
        "type": "aws_dynamodb_table",
        "name": "click-logger-table",
        "provider_config_key": "aws",
        "expressions": {
          "attribute": [{
            "name": {
              "constant_value": "requestid"
            },
            "type": {
              "constant_value": "S"
            }
          }, {
            "name": {
              "constant_value": "contextid"
            },
            "type": {
              "constant_value": "S"
            }
          }, {
            "name": {
              "constant_value": "callerid"
            },
            "type": {
              "constant_value": "S"
            }
          }],
          "billing_mode": {
            "constant_value": "PROVISIONED"
          },
          "global_secondary_index": [{
            "hash_key": {
              "constant_value": "contextid"
            },
            "name": {
              "constant_value": "ContextCallerIndex"
            },
            "non_key_attributes": {
              "constant_value": ["requestid", "action", "clientip", "component", "createdtime", "type"]
            },
            "projection_type": {
              "constant_value": "INCLUDE"
            },
            "range_key": {
              "constant_value": "callerid"
            },
            "read_capacity": {
              "constant_value": 5
            },
            "write_capacity": {
              "constant_value": 5
            }
          }],
          "hash_key": {
            "constant_value": "requestid"
          },
          "name": {
            "references": ["var.app_prefix"]
          },
          "range_key": {
            "constant_value": "contextid"
          },
          "read_capacity": {
            "constant_value": 5
          },
          "tags": {
            "references": ["var.app_prefix", "var.stage_name"]
          },
          "write_capacity": {
            "constant_value": 5
          }
        },
        "schema_version": 1
      }, {
        "address": "aws_glue_catalog_database.aws_glue_click_logger_database",
        "mode": "managed",
        "type": "aws_glue_catalog_database",
        "name": "aws_glue_click_logger_database",
        "provider_config_key": "aws",
        "expressions": {
          "description": {
            "constant_value": "Click logger Glue database"
          },
          "name": {
            "references": ["var.app_prefix"]
          }
        },
        "schema_version": 0
      }, {
        "address": "aws_glue_catalog_table.aws_glue_click_logger_catalog_table",
        "mode": "managed",
        "type": "aws_glue_catalog_table",
        "name": "aws_glue_click_logger_catalog_table",
        "provider_config_key": "aws",
        "expressions": {
          "database_name": {
            "references": ["var.app_prefix"]
          },
          "name": {
            "references": ["var.app_prefix"]
          },
          "parameters": {
            "constant_value": {
              "EXTERNAL": "TRUE",
              "parquet.compression": "SNAPPY"
            }
          },
          "retention": {
            "constant_value": 0
          },
          "storage_descriptor": [{
            "columns": [{
              "name": {
                "constant_value": "requestid"
              },
              "type": {
                "constant_value": "string"
              }
            }, {
              "name": {
                "constant_value": "contextid"
              },
              "type": {
                "constant_value": "string"
              }
            }, {
              "comment": {
                "constant_value": ""
              },
              "name": {
                "constant_value": "callerid"
              },
              "type": {
                "constant_value": "string"
              }
            }, {
              "comment": {
                "constant_value": ""
              },
              "name": {
                "constant_value": "component"
              },
              "type": {
                "constant_value": "string"
              }
            }, {
              "comment": {
                "constant_value": ""
              },
              "name": {
                "constant_value": "action"
              },
              "type": {
                "constant_value": "string"
              }
            }, {
              "comment": {
                "constant_value": ""
              },
              "name": {
                "constant_value": "type"
              },
              "type": {
                "constant_value": "string"
              }
            }, {
              "comment": {
                "constant_value": ""
              },
              "name": {
                "constant_value": "clientip"
              },
              "type": {
                "constant_value": "string"
              }
            }, {
              "comment": {
                "constant_value": ""
              },
              "name": {
                "constant_value": "createdtime"
              },
              "type": {
                "constant_value": "string"
              }
            }],
            "compressed": {
              "constant_value": false
            },
            "input_format": {
              "constant_value": "org.apache.hadoop.mapred.TextInputFormat"
            },
            "location": {
              "references": ["aws_s3_bucket.click_logger_firehose_delivery_s3_bucket.arn", "aws_s3_bucket.click_logger_firehose_delivery_s3_bucket"]
            },
            "output_format": {
              "constant_value": "org.apache.hadoop.hive.ql.io.HiveIgnoreKeyTextOutputFormat"
            },
            "parameters": {
              "constant_value": {
                "classification": "json",
                "compression_type": "none",
                "crawler_schema_deserializer_version": "1.0",
                "crawler_schema_serializer_version": "1.0",
                "type_of_data": "file"
              }
            },
            "ser_de_info": [{
              "name": {
                "references": ["var.app_prefix"]
              },
              "parameters": {
                "constant_value": {
                  "serialization.format": 1
                }
              },
              "serialization_library": {
                "constant_value": "org.openx.data.jsonserde.JsonSerDe"
              }
            }]
          }],
          "table_type": {
            "constant_value": "EXTERNAL_TABLE"
          }
        },
        "schema_version": 0,
        "depends_on": ["aws_glue_catalog_database.aws_glue_click_logger_database", "aws_s3_bucket.click_logger_firehose_delivery_s3_bucket"]
      }, {
        "address": "aws_iam_policy.click_loggerlambda_logging_policy",
        "mode": "managed",
        "type": "aws_iam_policy",
        "name": "click_loggerlambda_logging_policy",
        "provider_config_key": "aws",
        "expressions": {
          "description": {
            "constant_value": "IAM policy for logging from a lambda"
          },
          "name": {
            "references": ["var.app_prefix"]
          },
          "path": {
            "constant_value": "/"
          },
          "policy": {
            "references": ["aws_dynamodb_table.click-logger-table.arn", "aws_dynamodb_table.click-logger-table", "aws_kinesis_firehose_delivery_stream.click_logger_firehose_delivery_stream.arn", "aws_kinesis_firehose_delivery_stream.click_logger_firehose_delivery_stream"]
          }
        },
        "schema_version": 0
      }, {
        "address": "aws_iam_role.click_logger_api_gateway_cloudwatch_role",
        "mode": "managed",
        "type": "aws_iam_role",
        "name": "click_logger_api_gateway_cloudwatch_role",
        "provider_config_key": "aws",
        "expressions": {
          "assume_role_policy": {
            "constant_value": "{\n  \"Version\": \"2012-10-17\",\n  \"Statement\": [\n    {\n      \"Sid\": \"\",\n      \"Effect\": \"Allow\",\n      \"Principal\": {\n        \"Service\": \"apigateway.amazonaws.com\"\n      },\n      \"Action\": \"sts:AssumeRole\"\n    }\n  ]\n}\n"
          },
          "name": {
            "references": ["var.app_prefix"]
          }
        },
        "schema_version": 0
      }, {
        "address": "aws_iam_role.click_logger_invocation_role",
        "mode": "managed",
        "type": "aws_iam_role",
        "name": "click_logger_invocation_role",
        "provider_config_key": "aws",
        "expressions": {
          "assume_role_policy": {
            "constant_value": "{\n  \"Version\": \"2012-10-17\",\n  \"Statement\": [\n    {\n      \"Action\": \"sts:AssumeRole\",\n      \"Principal\": {\n        \"Service\": \"apigateway.amazonaws.com\"\n      },\n      \"Effect\": \"Allow\",\n      \"Sid\": \"\"\n    }\n  ]\n}\n"
          },
          "name": {
            "references": ["var.app_prefix"]
          },
          "path": {
            "constant_value": "/"
          }
        },
        "schema_version": 0
      }, {
        "address": "aws_iam_role.click_logger_lambda_role",
        "mode": "managed",
        "type": "aws_iam_role",
        "name": "click_logger_lambda_role",
        "provider_config_key": "aws",
        "expressions": {
          "assume_role_policy": {
            "references": ["data.aws_iam_policy_document.AWSLambdaTrustPolicy.json", "data.aws_iam_policy_document.AWSLambdaTrustPolicy"]
          },
          "name": {
            "references": ["var.app_prefix"]
          }
        },
        "schema_version": 0
      }, {
        "address": "aws_iam_role.click_logger_stream_consumer_firehose_role",
        "mode": "managed",
        "type": "aws_iam_role",
        "name": "click_logger_stream_consumer_firehose_role",
        "provider_config_key": "aws",
        "expressions": {
          "assume_role_policy": {
            "constant_value": "{\n  \"Version\": \"2012-10-17\",\n  \"Statement\": [\n    {\n      \"Action\": \"sts:AssumeRole\",\n      \"Principal\": {\n        \"Service\": \"firehose.amazonaws.com\"\n      },\n      \"Effect\": \"Allow\",\n      \"Sid\": \"\"\n    }\n  ]\n}\n"
          },
          "name": {
            "references": ["var.app_prefix"]
          }
        },
        "schema_version": 0
      }, {
        "address": "aws_iam_role_policy.click_logger_api_gateway_cloudwatch_policy",
        "mode": "managed",
        "type": "aws_iam_role_policy",
        "name": "click_logger_api_gateway_cloudwatch_policy",
        "provider_config_key": "aws",
        "expressions": {
          "name": {
            "references": ["var.app_prefix"]
          },
          "policy": {
            "constant_value": "{\n    \"Version\": \"2012-10-17\",\n    \"Statement\": [\n        {\n            \"Effect\": \"Allow\",\n            \"Action\": [\n                \"logs:CreateLogGroup\",\n                \"logs:CreateLogStream\",\n                \"logs:DescribeLogGroups\",\n                \"logs:DescribeLogStreams\",\n                \"logs:PutLogEvents\",\n                \"logs:GetLogEvents\",\n                \"logs:FilterLogEvents\"\n            ],\n            \"Resource\": \"*\"\n        }\n    ]\n}\n"
          },
          "role": {
            "references": ["aws_iam_role.click_logger_api_gateway_cloudwatch_role.id", "aws_iam_role.click_logger_api_gateway_cloudwatch_role"]
          }
        },
        "schema_version": 0
      }, {
        "address": "aws_iam_role_policy.click_logger_invocation_policy",
        "mode": "managed",
        "type": "aws_iam_role_policy",
        "name": "click_logger_invocation_policy",
        "provider_config_key": "aws",
        "expressions": {
          "name": {
            "references": ["var.app_prefix"]
          },
          "policy": {
            "references": ["aws_lambda_function.lambda_clicklogger_authorizer.arn", "aws_lambda_function.lambda_clicklogger_authorizer"]
          },
          "role": {
            "references": ["aws_iam_role.click_logger_invocation_role.id", "aws_iam_role.click_logger_invocation_role"]
          }
        },
        "schema_version": 0
      }, {
        "address": "aws_iam_role_policy.click_logger_stream_consumer_firehose_inline_policy",
        "mode": "managed",
        "type": "aws_iam_role_policy",
        "name": "click_logger_stream_consumer_firehose_inline_policy",
        "provider_config_key": "aws",
        "expressions": {
          "name": {
            "references": ["var.app_prefix"]
          },
          "policy": {
            "constant_value": "{\n  \"Version\": \"2012-10-17\",\n  \"Statement\": [\n    {\n      \"Effect\": \"Allow\",\n      \"Action\": [\n        \"glue:*\",\n        \"s3:*\",\n        \"logs:*\",\n        \"lambda:*\"\n      ],\n      \"Resource\": \"*\"\n    }\n  ]\n}\n"
          },
          "role": {
            "references": ["aws_iam_role.click_logger_stream_consumer_firehose_role.id", "aws_iam_role.click_logger_stream_consumer_firehose_role"]
          }
        },
        "schema_version": 0
      }, {
        "address": "aws_iam_role_policy_attachment.click_loggerlambda_policy",
        "mode": "managed",
        "type": "aws_iam_role_policy_attachment",
        "name": "click_loggerlambda_policy",
        "provider_config_key": "aws",
        "expressions": {
          "policy_arn": {
            "constant_value": "arn:aws:iam::aws:policy/service-role/AWSLambdaBasicExecutionRole"
          },
          "role": {
            "references": ["aws_iam_role.click_logger_lambda_role.name", "aws_iam_role.click_logger_lambda_role"]
          }
        },
        "schema_version": 0
      }, {
        "address": "aws_iam_role_policy_attachment.lambda_logs",
        "mode": "managed",
        "type": "aws_iam_role_policy_attachment",
        "name": "lambda_logs",
        "provider_config_key": "aws",
        "expressions": {
          "policy_arn": {
            "references": ["aws_iam_policy.click_loggerlambda_logging_policy.arn", "aws_iam_policy.click_loggerlambda_logging_policy"]
          },
          "role": {
            "references": ["aws_iam_role.click_logger_lambda_role.name", "aws_iam_role.click_logger_lambda_role"]
          }
        },
        "schema_version": 0
      }, {
        "address": "aws_kinesis_firehose_delivery_stream.click_logger_firehose_delivery_stream",
        "mode": "managed",
        "type": "aws_kinesis_firehose_delivery_stream",
        "name": "click_logger_firehose_delivery_stream",
        "provider_config_key": "aws",
        "expressions": {
          "destination": {
            "constant_value": "extended_s3"
          },
          "extended_s3_configuration": [{
            "bucket_arn": {
              "references": ["aws_s3_bucket.click_logger_firehose_delivery_s3_bucket.arn", "aws_s3_bucket.click_logger_firehose_delivery_s3_bucket"]
            },
            "buffer_interval": {
              "constant_value": 60
            },
            "buffer_size": {
              "constant_value": 64
            },
            "cloudwatch_logging_options": [{
              "enabled": {
                "constant_value": true
              },
              "log_group_name": {
                "constant_value": "/aws/kinesis_firehose_delivery_stream/click_logger_firehose_delivery_stream"
              },
              "log_stream_name": {
                "constant_value": "click_logger_firehose_delivery_stream"
              }
            }],
            "compression_format": {
              "constant_value": "UNCOMPRESSED"
            },
            "data_format_conversion_configuration": [{
              "enabled": {
                "constant_value": true
              },
              "input_format_configuration": [{
                "deserializer": [{
                  "open_x_json_ser_de": [{
                    "case_insensitive": {
                      "constant_value": true
                    }
                  }]
                }]
              }],
              "output_format_configuration": [{
                "serializer": [{
                  "parquet_ser_de": [{
                    "compression": {
                      "constant_value": "SNAPPY"
                    }
                  }]
                }]
              }],
              "schema_configuration": [{
                "database_name": {
                  "references": ["aws_glue_catalog_database.aws_glue_click_logger_database.name", "aws_glue_catalog_database.aws_glue_click_logger_database"]
                },
                "region": {
                  "references": ["data.aws_region.current.name", "data.aws_region.current"]
                },
                "role_arn": {
                  "references": ["aws_iam_role.click_logger_stream_consumer_firehose_role.arn", "aws_iam_role.click_logger_stream_consumer_firehose_role"]
                },
                "table_name": {
                  "references": ["aws_glue_catalog_table.aws_glue_click_logger_catalog_table.name", "aws_glue_catalog_table.aws_glue_click_logger_catalog_table"]
                }
              }]
            }],
            "error_output_prefix": {
              "constant_value": "clicklog_error/error=!{firehose:error-output-type}data=!{timestamp:yyyy}-!{timestamp:MM}-!{timestamp:dd}/"
            },
            "prefix": {
              "constant_value": "clicklog/data=!{timestamp:yyyy}-!{timestamp:MM}-!{timestamp:dd}/"
            },
            "processing_configuration": [{
              "enabled": {
                "constant_value": "true"
              },
              "processors": [{
                "parameters": [{
                  "parameter_name": {
                    "constant_value": "LambdaArn"
                  },
                  "parameter_value": {
                    "references": ["aws_lambda_function.lambda_clicklogger_stream_consumer.arn", "aws_lambda_function.lambda_clicklogger_stream_consumer"]
                  }
                }],
                "type": {
                  "constant_value": "Lambda"
                }
              }]
            }],
            "role_arn": {
              "references": ["aws_iam_role.click_logger_stream_consumer_firehose_role.arn", "aws_iam_role.click_logger_stream_consumer_firehose_role"]
            }
          }],
          "name": {
            "references": ["var.app_prefix"]
          }
        },
        "schema_version": 1,
        "depends_on": ["aws_s3_bucket.click_logger_firehose_delivery_s3_bucket"]
      }, {
        "address": "aws_lambda_function.lambda_clicklogger",
        "mode": "managed",
        "type": "aws_lambda_function",
        "name": "lambda_clicklogger",
        "provider_config_key": "aws",
        "expressions": {
          "environment": [{
            "variables": {
              "references": ["aws_kinesis_firehose_delivery_stream.click_logger_firehose_delivery_stream.name", "aws_kinesis_firehose_delivery_stream.click_logger_firehose_delivery_stream"]
            }
          }],
          "filename": {
            "references": ["var.lambda_source_zip_path"]
          },
          "function_name": {
            "references": ["var.app_prefix"]
          },
          "handler": {
            "constant_value": "com.clicklogs.Handlers.ClickLoggerHandler::handleRequest"
          },
          "memory_size": {
            "constant_value": 2048
          },
          "role": {
            "references": ["aws_iam_role.click_logger_lambda_role.arn", "aws_iam_role.click_logger_lambda_role"]
          },
          "runtime": {
            "constant_value": "java8"
          },
          "source_code_hash": {
            "references": ["var.lambda_source_zip_path"]
          },
          "timeout": {
            "constant_value": 300
          }
        },
        "schema_version": 0,
        "depends_on": ["aws_iam_role.click_logger_lambda_role", "aws_kinesis_firehose_delivery_stream.click_logger_firehose_delivery_stream"]
      }, {
        "address": "aws_lambda_function.lambda_clicklogger_authorizer",
        "mode": "managed",
        "type": "aws_lambda_function",
        "name": "lambda_clicklogger_authorizer",
        "provider_config_key": "aws",
        "expressions": {
          "environment": [{
            "variables": {
              "constant_value": {
                "AUTH_TOKENS": "ALLOW=ORDERAPP;ALLOW=BILLAPP;"
              }
            }
          }],
          "filename": {
            "references": ["var.lambda_source_zip_path"]
          },
          "function_name": {
            "references": ["var.app_prefix"]
          },
          "handler": {
            "constant_value": "com.clicklogs.Handlers.APIGatewayAuthorizerHandler::handleRequest"
          },
          "memory_size": {
            "constant_value": 2048
          },
          "role": {
            "references": ["aws_iam_role.click_logger_lambda_role.arn", "aws_iam_role.click_logger_lambda_role"]
          },
          "runtime": {
            "constant_value": "java8"
          },
          "source_code_hash": {
            "references": ["var.lambda_source_zip_path"]
          },
          "timeout": {
            "constant_value": 300
          }
        },
        "schema_version": 0,
        "depends_on": ["aws_iam_role.click_logger_lambda_role"]
      }, {
        "address": "aws_lambda_function.lambda_clicklogger_stream_consumer",
        "mode": "managed",
        "type": "aws_lambda_function",
        "name": "lambda_clicklogger_stream_consumer",
        "provider_config_key": "aws",
        "expressions": {
          "environment": [{
            "variables": {
              "references": ["aws_dynamodb_table.click-logger-table.name", "aws_dynamodb_table.click-logger-table"]
            }
          }],
          "filename": {
            "references": ["var.lambda_source_zip_path"]
          },
          "function_name": {
            "references": ["var.app_prefix"]
          },
          "handler": {
            "constant_value": "com.clicklogs.Handlers.ClickLoggerStreamHandler::handleRequest"
          },
          "memory_size": {
            "constant_value": 2048
          },
          "role": {
            "references": ["aws_iam_role.click_logger_lambda_role.arn", "aws_iam_role.click_logger_lambda_role"]
          },
          "runtime": {
            "constant_value": "java8"
          },
          "source_code_hash": {
            "references": ["var.lambda_source_zip_path"]
          },
          "timeout": {
            "constant_value": 300
          }
        },
        "schema_version": 0,
        "depends_on": ["aws_iam_role.click_logger_lambda_role", "aws_dynamodb_table.click-logger-table"]
      }, {
        "address": "aws_lambda_permission.apigw_lambda",
        "mode": "managed",
        "type": "aws_lambda_permission",
        "name": "apigw_lambda",
        "provider_config_key": "aws",
        "expressions": {
          "action": {
            "constant_value": "lambda:InvokeFunction"
          },
          "function_name": {
            "references": ["aws_lambda_function.lambda_clicklogger.arn", "aws_lambda_function.lambda_clicklogger"]
          },
          "principal": {
            "constant_value": "apigateway.amazonaws.com"
          },
          "source_arn": {
            "references": ["aws_api_gateway_rest_api.click_logger_api.execution_arn", "aws_api_gateway_rest_api.click_logger_api"]
          },
          "statement_id": {
            "constant_value": "AllowExecutionFromAPIGateway"
          }
        },
        "schema_version": 0,
        "depends_on": ["aws_lambda_function.lambda_clicklogger", "aws_api_gateway_rest_api.click_logger_api"]
      }, {
        "address": "aws_s3_bucket.click_logger_firehose_delivery_s3_bucket",
        "mode": "managed",
        "type": "aws_s3_bucket",
        "name": "click_logger_firehose_delivery_s3_bucket",
        "provider_config_key": "aws",
        "expressions": {
          "acl": {
            "constant_value": "private"
          },
          "bucket": {
            "references": ["var.app_prefix", "var.stage_name", "data.aws_caller_identity.current.account_id", "data.aws_caller_identity.current"]
          },
          "tags": {
            "references": ["var.stage_name"]
          }
        },
        "schema_version": 0
      }, {
        "address": "data.aws_caller_identity.current",
        "mode": "data",
        "type": "aws_caller_identity",
        "name": "current",
        "provider_config_key": "aws",
        "schema_version": 0
      }, {
        "address": "data.aws_iam_policy_document.AWSLambdaTrustPolicy",
        "mode": "data",
        "type": "aws_iam_policy_document",
        "name": "AWSLambdaTrustPolicy",
        "provider_config_key": "aws",
        "expressions": {
          "statement": [{
            "actions": {
              "constant_value": ["sts:AssumeRole"]
            },
            "effect": {
              "constant_value": "Allow"
            },
            "principals": [{
              "identifiers": {
                "constant_value": ["lambda.amazonaws.com"]
              },
              "type": {
                "constant_value": "Service"
              }
            }]
          }]
        },
        "schema_version": 0
      }, {
        "address": "data.aws_region.current",
        "mode": "data",
        "type": "aws_region",
        "name": "current",
        "provider_config_key": "aws",
        "schema_version": 0
      }],
      "variables": {
        "app_prefix": {
          "default": "clicklogger",
          "description": "Application prefix for the AWS services that are built"
        },
        "lambda_source_zip_path": {
          "default": "..//..//source//clicklogger//target//clicklogger-1.0-SNAPSHOT.jar",
          "description": "Java lambda zip"
        },
        "stage_name": {
          "default": "dev"
        }
      }
    }
  },
  "relevant_attributes": [{
    "resource": "aws_iam_role.click_logger_lambda_role",
    "attribute": ["arn"]
  }, {
    "resource": "aws_iam_role.click_logger_invocation_role",
    "attribute": ["arn"]
  }, {
    "resource": "aws_s3_bucket.click_logger_firehose_delivery_s3_bucket",
    "attribute": ["arn"]
  }, {
    "resource": "aws_iam_role.click_logger_stream_consumer_firehose_role",
    "attribute": ["arn"]
  }, {
    "resource": "aws_dynamodb_table.click-logger-table",
    "attribute": ["arn"]
  }, {
    "resource": "aws_api_gateway_rest_api.click_logger_api",
    "attribute": ["id"]
  }, {
    "resource": "aws_lambda_function.lambda_clicklogger_authorizer",
    "attribute": ["arn"]
  }, {
    "resource": "aws_lambda_function.lambda_clicklogger_authorizer",
    "attribute": ["invoke_arn"]
  }, {
    "resource": "aws_glue_catalog_database.aws_glue_click_logger_database",
    "attribute": ["name"]
  }, {
    "resource": "aws_glue_catalog_table.aws_glue_click_logger_catalog_table",
    "attribute": ["name"]
  }, {
    "resource": "aws_lambda_function.lambda_clicklogger_stream_consumer",
    "attribute": ["arn"]
  }, {
    "resource": "aws_api_gateway_rest_api.click_logger_api",
    "attribute": ["execution_arn"]
  }, {
    "resource": "aws_iam_role.click_logger_stream_consumer_firehose_role",
    "attribute": ["id"]
  }, {
    "resource": "aws_iam_role.click_logger_lambda_role",
    "attribute": ["name"]
  }, {
    "resource": "aws_iam_role.click_logger_invocation_role",
    "attribute": ["id"]
  }, {
    "resource": "data.aws_caller_identity.current",
    "attribute": ["account_id"]
  }, {
    "resource": "aws_kinesis_firehose_delivery_stream.click_logger_firehose_delivery_stream",
    "attribute": ["name"]
  }, {
    "resource": "aws_lambda_function.lambda_clicklogger",
    "attribute": ["arn"]
  }, {
    "resource": "aws_cloudwatch_log_group.click_logger_firehose_delivery_stream_log_group",
    "attribute": ["name"]
  }, {
    "resource": "aws_iam_policy.click_loggerlambda_logging_policy",
    "attribute": ["arn"]
  }, {
    "resource": "aws_s3_bucket.click_logger_firehose_delivery_s3_bucket",
    "attribute": []
  }, {
    "resource": "aws_api_gateway_deployment.clicklogger_deployment",
    "attribute": ["invoke_url"]
  }, {
    "resource": "aws_iam_role.click_logger_api_gateway_cloudwatch_role",
    "attribute": ["arn"]
  }, {
    "resource": "aws_iam_role.click_logger_api_gateway_cloudwatch_role",
    "attribute": ["id"]
  }, {
    "resource": "aws_api_gateway_resource.resource",
    "attribute": ["id"]
  }, {
    "resource": "aws_api_gateway_method.method",
    "attribute": ["http_method"]
  }, {
    "resource": "aws_api_gateway_rest_api.click_logger_api",
    "attribute": ["root_resource_id"]
  }, {
    "resource": "aws_kinesis_firehose_delivery_stream.click_logger_firehose_delivery_stream",
    "attribute": ["arn"]
  }, {
    "resource": "aws_api_gateway_method_response.response_200",
    "attribute": ["status_code"]
  }, {
    "resource": "aws_lambda_function.lambda_clicklogger_authorizer",
    "attribute": ["function_name"]
  }, {
    "resource": "aws_api_gateway_model.clicklogger_model",
    "attribute": ["name"]
  }, {
    "resource": "aws_api_gateway_request_validator.clicklogger_validator",
    "attribute": ["id"]
  }, {
    "resource": "data.aws_region.current",
    "attribute": ["name"]
  }, {
    "resource": "aws_lambda_function.lambda_clicklogger",
    "attribute": ["function_name"]
  }, {
    "resource": "aws_api_gateway_deployment.clicklogger_deployment",
    "attribute": ["stage_name"]
  }, {
    "resource": "aws_lambda_function.lambda_clicklogger",
    "attribute": []
  }, {
    "resource": "data.aws_iam_policy_document.AWSLambdaTrustPolicy",
    "attribute": ["json"]
  }, {
    "resource": "aws_dynamodb_table.click-logger-table",
    "attribute": ["name"]
  }, {
    "resource": "aws_api_gateway_authorizer.clicklogger-authorizer",
    "attribute": ["id"]
  }, {
    "resource": "aws_lambda_function.lambda_clicklogger",
    "attribute": ["invoke_arn"]
  }, {
    "resource": "aws_lambda_function.lambda_clicklogger_authorizer",
    "attribute": []
  }]
}